{
  "version": 4,
  "terraform_version": "1.12.2",
  "serial": 285,
  "lineage": "77528f07-f0d7-db3c-f344-5a0f58b20c6d",
  "outputs": {},
  "resources": [
    {
      "module": "module.ec2",
      "mode": "managed",
      "type": "aws_alb",
      "name": "lb",
      "provider": "provider[\"registry.terraform.io/hashicorp/aws\"]",
      "instances": [
        {
          "schema_version": 0,
          "attributes": {
            "access_logs": [
              {
                "bucket": "",
                "enabled": false,
                "prefix": ""
              }
            ],
            "arn": "arn:aws:elasticloadbalancing:ap-south-1:079858837546:loadbalancer/app/coding-cloud-lb/cf47ee726838c82a",
            "arn_suffix": "app/coding-cloud-lb/cf47ee726838c82a",
            "client_keep_alive": 3600,
            "connection_logs": [
              {
                "bucket": "",
                "enabled": false,
                "prefix": ""
              }
            ],
            "customer_owned_ipv4_pool": "",
            "desync_mitigation_mode": "defensive",
            "dns_name": "coding-cloud-lb-328468849.ap-south-1.elb.amazonaws.com",
            "dns_record_client_routing_policy": null,
            "drop_invalid_header_fields": false,
            "enable_cross_zone_load_balancing": true,
            "enable_deletion_protection": false,
            "enable_http2": true,
            "enable_tls_version_and_cipher_suite_headers": false,
            "enable_waf_fail_open": false,
            "enable_xff_client_port": false,
            "enable_zonal_shift": false,
            "enforce_security_group_inbound_rules_on_private_link_traffic": "",
            "id": "arn:aws:elasticloadbalancing:ap-south-1:079858837546:loadbalancer/app/coding-cloud-lb/cf47ee726838c82a",
            "idle_timeout": 60,
            "internal": false,
            "ip_address_type": "ipv4",
            "ipam_pools": [],
            "load_balancer_type": "application",
            "minimum_load_balancer_capacity": [],
            "name": "coding-cloud-lb",
            "name_prefix": "",
            "preserve_host_header": false,
            "region": "ap-south-1",
            "secondary_ips_auto_assigned_per_subnet": null,
            "security_groups": [
              "sg-0a42c7710272b8475"
            ],
            "subnet_mapping": [
              {
                "allocation_id": "",
                "ipv6_address": "",
                "outpost_id": "",
                "private_ipv4_address": "",
                "subnet_id": "subnet-00661d3dc078f7ca2"
              },
              {
                "allocation_id": "",
                "ipv6_address": "",
                "outpost_id": "",
                "private_ipv4_address": "",
                "subnet_id": "subnet-0408565e3630ef4f9"
              }
            ],
            "subnets": [
              "subnet-00661d3dc078f7ca2",
              "subnet-0408565e3630ef4f9"
            ],
            "tags": {},
            "tags_all": {},
            "timeouts": null,
            "vpc_id": "vpc-0ed4328f47c53f7bd",
            "xff_header_processing_mode": "append",
            "zone_id": "ZP97RAFLXTNZK"
          },
          "sensitive_attributes": [],
          "identity_schema_version": 0,
          "identity": {
            "arn": "arn:aws:elasticloadbalancing:ap-south-1:079858837546:loadbalancer/app/coding-cloud-lb/cf47ee726838c82a"
          },
          "private": "eyJlMmJmYjczMC1lY2FhLTExZTYtOGY4OC0zNDM2M2JjN2M0YzAiOnsiY3JlYXRlIjo2MDAwMDAwMDAwMDAsImRlbGV0ZSI6NjAwMDAwMDAwMDAwLCJ1cGRhdGUiOjYwMDAwMDAwMDAwMH19",
          "dependencies": [
            "module.vpc.aws_eip.terra-eip",
            "module.vpc.aws_internet_gateway.terra-igw",
            "module.vpc.aws_nat_gateway.terra-nat",
            "module.vpc.aws_route.terra-priv-route",
            "module.vpc.aws_route.terra-pub-route",
            "module.vpc.aws_route_table.terra-private",
            "module.vpc.aws_route_table.terra-public",
            "module.vpc.aws_route_table_association.terra-priva-asso-1",
            "module.vpc.aws_route_table_association.terra-priva-asso-2",
            "module.vpc.aws_route_table_association.terra-pub-asso-1",
            "module.vpc.aws_route_table_association.terra-pub-asso-2",
            "module.vpc.aws_security_group.sg-alb",
            "module.vpc.aws_security_group.sg-docker",
            "module.vpc.aws_security_group.sg-jenkins",
            "module.vpc.aws_security_group.sg-k8s-master",
            "module.vpc.aws_security_group.sg-k8s-worker",
            "module.vpc.aws_security_group.sg-rds",
            "module.vpc.aws_subnet.terra-pub-sub-1",
            "module.vpc.aws_subnet.terra-pub-sub-2",
            "module.vpc.aws_subnet.terra-sub-priva-1",
            "module.vpc.aws_subnet.terra-sub-priva-2",
            "module.vpc.aws_vpc.terra-vpc",
            "module.vpc.aws_vpc_security_group_egress_rule.sg-alb-egress-all",
            "module.vpc.aws_vpc_security_group_egress_rule.sg-docker-egress-all",
            "module.vpc.aws_vpc_security_group_egress_rule.sg-jenkins-egress-all",
            "module.vpc.aws_vpc_security_group_egress_rule.sg-master-egress-all",
            "module.vpc.aws_vpc_security_group_egress_rule.sg-rds-egress-all",
            "module.vpc.aws_vpc_security_group_egress_rule.sg-worker-egress-all",
            "module.vpc.aws_vpc_security_group_ingress_rule.sg-alb-ingress-http",
            "module.vpc.aws_vpc_security_group_ingress_rule.sg-docker-ingress-ssh",
            "module.vpc.aws_vpc_security_group_ingress_rule.sg-jenkins-ingress-8080",
            "module.vpc.aws_vpc_security_group_ingress_rule.sg-jenkins-ingress-ssh",
            "module.vpc.aws_vpc_security_group_ingress_rule.sg-master-ingress-10250",
            "module.vpc.aws_vpc_security_group_ingress_rule.sg-master-ingress-179",
            "module.vpc.aws_vpc_security_group_ingress_rule.sg-master-ingress-6443",
            "module.vpc.aws_vpc_security_group_ingress_rule.sg-master-ingress-ssh",
            "module.vpc.aws_vpc_security_group_ingress_rule.sg-rds-ingress-3306",
            "module.vpc.aws_vpc_security_group_ingress_rule.sg-worker-ingress-10250",
            "module.vpc.aws_vpc_security_group_ingress_rule.sg-worker-ingress-179",
            "module.vpc.aws_vpc_security_group_ingress_rule.sg-worker-ingress-31000",
            "module.vpc.aws_vpc_security_group_ingress_rule.sg-worker-ingress-ssh"
          ]
        }
      ]
    },
    {
      "module": "module.ec2",
      "mode": "managed",
      "type": "aws_alb_listener",
      "name": "http",
      "provider": "provider[\"registry.terraform.io/hashicorp/aws\"]",
      "instances": [
        {
          "schema_version": 0,
          "attributes": {
            "alpn_policy": null,
            "arn": "arn:aws:elasticloadbalancing:ap-south-1:079858837546:listener/app/coding-cloud-lb/cf47ee726838c82a/84bec5bd7bcbfe64",
            "certificate_arn": null,
            "default_action": [
              {
                "authenticate_cognito": [],
                "authenticate_oidc": [],
                "fixed_response": [],
                "forward": [],
                "jwt_validation": [],
                "order": 1,
                "redirect": [],
                "target_group_arn": "arn:aws:elasticloadbalancing:ap-south-1:079858837546:targetgroup/coding-cloud-vm-target/1b87140cec9ce820",
                "type": "forward"
              }
            ],
            "id": "arn:aws:elasticloadbalancing:ap-south-1:079858837546:listener/app/coding-cloud-lb/cf47ee726838c82a/84bec5bd7bcbfe64",
            "load_balancer_arn": "arn:aws:elasticloadbalancing:ap-south-1:079858837546:loadbalancer/app/coding-cloud-lb/cf47ee726838c82a",
            "mutual_authentication": [],
            "port": 80,
            "protocol": "HTTP",
            "region": "ap-south-1",
            "routing_http_request_x_amzn_mtls_clientcert_header_name": null,
            "routing_http_request_x_amzn_mtls_clientcert_issuer_header_name": null,
            "routing_http_request_x_amzn_mtls_clientcert_leaf_header_name": null,
            "routing_http_request_x_amzn_mtls_clientcert_serial_number_header_name": null,
            "routing_http_request_x_amzn_mtls_clientcert_subject_header_name": null,
            "routing_http_request_x_amzn_mtls_clientcert_validity_header_name": null,
            "routing_http_request_x_amzn_tls_cipher_suite_header_name": null,
            "routing_http_request_x_amzn_tls_version_header_name": null,
            "routing_http_response_access_control_allow_credentials_header_value": "",
            "routing_http_response_access_control_allow_headers_header_value": "",
            "routing_http_response_access_control_allow_methods_header_value": "",
            "routing_http_response_access_control_allow_origin_header_value": "",
            "routing_http_response_access_control_expose_headers_header_value": "",
            "routing_http_response_access_control_max_age_header_value": "",
            "routing_http_response_content_security_policy_header_value": "",
            "routing_http_response_server_enabled": true,
            "routing_http_response_strict_transport_security_header_value": "",
            "routing_http_response_x_content_type_options_header_value": "",
            "routing_http_response_x_frame_options_header_value": "",
            "ssl_policy": "",
            "tags": {},
            "tags_all": {},
            "tcp_idle_timeout_seconds": null,
            "timeouts": null
          },
          "sensitive_attributes": [],
          "identity_schema_version": 0,
          "identity": {
            "arn": "arn:aws:elasticloadbalancing:ap-south-1:079858837546:listener/app/coding-cloud-lb/cf47ee726838c82a/84bec5bd7bcbfe64"
          },
          "private": "eyJlMmJmYjczMC1lY2FhLTExZTYtOGY4OC0zNDM2M2JjN2M0YzAiOnsiY3JlYXRlIjozMDAwMDAwMDAwMDAsInVwZGF0ZSI6MzAwMDAwMDAwMDAwfX0=",
          "dependencies": [
            "module.ec2.aws_alb.lb",
            "module.ec2.aws_alb_target_group.lb-target",
            "module.vpc.aws_eip.terra-eip",
            "module.vpc.aws_internet_gateway.terra-igw",
            "module.vpc.aws_nat_gateway.terra-nat",
            "module.vpc.aws_route.terra-priv-route",
            "module.vpc.aws_route.terra-pub-route",
            "module.vpc.aws_route_table.terra-private",
            "module.vpc.aws_route_table.terra-public",
            "module.vpc.aws_route_table_association.terra-priva-asso-1",
            "module.vpc.aws_route_table_association.terra-priva-asso-2",
            "module.vpc.aws_route_table_association.terra-pub-asso-1",
            "module.vpc.aws_route_table_association.terra-pub-asso-2",
            "module.vpc.aws_security_group.sg-alb",
            "module.vpc.aws_security_group.sg-docker",
            "module.vpc.aws_security_group.sg-jenkins",
            "module.vpc.aws_security_group.sg-k8s-master",
            "module.vpc.aws_security_group.sg-k8s-worker",
            "module.vpc.aws_security_group.sg-rds",
            "module.vpc.aws_subnet.terra-pub-sub-1",
            "module.vpc.aws_subnet.terra-pub-sub-2",
            "module.vpc.aws_subnet.terra-sub-priva-1",
            "module.vpc.aws_subnet.terra-sub-priva-2",
            "module.vpc.aws_vpc.terra-vpc",
            "module.vpc.aws_vpc_security_group_egress_rule.sg-alb-egress-all",
            "module.vpc.aws_vpc_security_group_egress_rule.sg-docker-egress-all",
            "module.vpc.aws_vpc_security_group_egress_rule.sg-jenkins-egress-all",
            "module.vpc.aws_vpc_security_group_egress_rule.sg-master-egress-all",
            "module.vpc.aws_vpc_security_group_egress_rule.sg-rds-egress-all",
            "module.vpc.aws_vpc_security_group_egress_rule.sg-worker-egress-all",
            "module.vpc.aws_vpc_security_group_ingress_rule.sg-alb-ingress-http",
            "module.vpc.aws_vpc_security_group_ingress_rule.sg-docker-ingress-ssh",
            "module.vpc.aws_vpc_security_group_ingress_rule.sg-jenkins-ingress-8080",
            "module.vpc.aws_vpc_security_group_ingress_rule.sg-jenkins-ingress-ssh",
            "module.vpc.aws_vpc_security_group_ingress_rule.sg-master-ingress-10250",
            "module.vpc.aws_vpc_security_group_ingress_rule.sg-master-ingress-179",
            "module.vpc.aws_vpc_security_group_ingress_rule.sg-master-ingress-6443",
            "module.vpc.aws_vpc_security_group_ingress_rule.sg-master-ingress-ssh",
            "module.vpc.aws_vpc_security_group_ingress_rule.sg-rds-ingress-3306",
            "module.vpc.aws_vpc_security_group_ingress_rule.sg-worker-ingress-10250",
            "module.vpc.aws_vpc_security_group_ingress_rule.sg-worker-ingress-179",
            "module.vpc.aws_vpc_security_group_ingress_rule.sg-worker-ingress-31000",
            "module.vpc.aws_vpc_security_group_ingress_rule.sg-worker-ingress-ssh"
          ]
        }
      ]
    },
    {
      "module": "module.ec2",
      "mode": "managed",
      "type": "aws_alb_target_group",
      "name": "lb-target",
      "provider": "provider[\"registry.terraform.io/hashicorp/aws\"]",
      "instances": [
        {
          "schema_version": 0,
          "attributes": {
            "arn": "arn:aws:elasticloadbalancing:ap-south-1:079858837546:targetgroup/coding-cloud-vm-target/1b87140cec9ce820",
            "arn_suffix": "targetgroup/coding-cloud-vm-target/1b87140cec9ce820",
            "connection_termination": null,
            "deregistration_delay": "300",
            "health_check": [
              {
                "enabled": true,
                "healthy_threshold": 2,
                "interval": 30,
                "matcher": "200-299",
                "path": "/",
                "port": "traffic-port",
                "protocol": "HTTP",
                "timeout": 5,
                "unhealthy_threshold": 2
              }
            ],
            "id": "arn:aws:elasticloadbalancing:ap-south-1:079858837546:targetgroup/coding-cloud-vm-target/1b87140cec9ce820",
            "ip_address_type": "ipv4",
            "lambda_multi_value_headers_enabled": false,
            "load_balancer_arns": [
              "arn:aws:elasticloadbalancing:ap-south-1:079858837546:loadbalancer/app/coding-cloud-lb/cf47ee726838c82a"
            ],
            "load_balancing_algorithm_type": "round_robin",
            "load_balancing_anomaly_mitigation": "off",
            "load_balancing_cross_zone_enabled": "use_load_balancer_configuration",
            "name": "coding-cloud-vm-target",
            "name_prefix": "",
            "port": 31000,
            "preserve_client_ip": null,
            "protocol": "HTTP",
            "protocol_version": "HTTP1",
            "proxy_protocol_v2": false,
            "region": "ap-south-1",
            "slow_start": 0,
            "stickiness": [
              {
                "cookie_duration": 86400,
                "cookie_name": "",
                "enabled": false,
                "type": "lb_cookie"
              }
            ],
            "tags": {},
            "tags_all": {},
            "target_failover": [
              {
                "on_deregistration": null,
                "on_unhealthy": null
              }
            ],
            "target_group_health": [
              {
                "dns_failover": [
                  {
                    "minimum_healthy_targets_count": "1",
                    "minimum_healthy_targets_percentage": "off"
                  }
                ],
                "unhealthy_state_routing": [
                  {
                    "minimum_healthy_targets_count": 1,
                    "minimum_healthy_targets_percentage": "off"
                  }
                ]
              }
            ],
            "target_health_state": [
              {
                "enable_unhealthy_connection_termination": null,
                "unhealthy_draining_interval": null
              }
            ],
            "target_type": "instance",
            "vpc_id": "vpc-0ed4328f47c53f7bd"
          },
          "sensitive_attributes": [],
          "identity_schema_version": 0,
          "identity": {
            "arn": "arn:aws:elasticloadbalancing:ap-south-1:079858837546:targetgroup/coding-cloud-vm-target/1b87140cec9ce820"
          },
          "private": "bnVsbA==",
          "dependencies": [
            "module.vpc.aws_eip.terra-eip",
            "module.vpc.aws_internet_gateway.terra-igw",
            "module.vpc.aws_nat_gateway.terra-nat",
            "module.vpc.aws_route.terra-priv-route",
            "module.vpc.aws_route.terra-pub-route",
            "module.vpc.aws_route_table.terra-private",
            "module.vpc.aws_route_table.terra-public",
            "module.vpc.aws_route_table_association.terra-priva-asso-1",
            "module.vpc.aws_route_table_association.terra-priva-asso-2",
            "module.vpc.aws_route_table_association.terra-pub-asso-1",
            "module.vpc.aws_route_table_association.terra-pub-asso-2",
            "module.vpc.aws_security_group.sg-alb",
            "module.vpc.aws_security_group.sg-docker",
            "module.vpc.aws_security_group.sg-jenkins",
            "module.vpc.aws_security_group.sg-k8s-master",
            "module.vpc.aws_security_group.sg-k8s-worker",
            "module.vpc.aws_security_group.sg-rds",
            "module.vpc.aws_subnet.terra-pub-sub-1",
            "module.vpc.aws_subnet.terra-pub-sub-2",
            "module.vpc.aws_subnet.terra-sub-priva-1",
            "module.vpc.aws_subnet.terra-sub-priva-2",
            "module.vpc.aws_vpc.terra-vpc",
            "module.vpc.aws_vpc_security_group_egress_rule.sg-alb-egress-all",
            "module.vpc.aws_vpc_security_group_egress_rule.sg-docker-egress-all",
            "module.vpc.aws_vpc_security_group_egress_rule.sg-jenkins-egress-all",
            "module.vpc.aws_vpc_security_group_egress_rule.sg-master-egress-all",
            "module.vpc.aws_vpc_security_group_egress_rule.sg-rds-egress-all",
            "module.vpc.aws_vpc_security_group_egress_rule.sg-worker-egress-all",
            "module.vpc.aws_vpc_security_group_ingress_rule.sg-alb-ingress-http",
            "module.vpc.aws_vpc_security_group_ingress_rule.sg-docker-ingress-ssh",
            "module.vpc.aws_vpc_security_group_ingress_rule.sg-jenkins-ingress-8080",
            "module.vpc.aws_vpc_security_group_ingress_rule.sg-jenkins-ingress-ssh",
            "module.vpc.aws_vpc_security_group_ingress_rule.sg-master-ingress-10250",
            "module.vpc.aws_vpc_security_group_ingress_rule.sg-master-ingress-179",
            "module.vpc.aws_vpc_security_group_ingress_rule.sg-master-ingress-6443",
            "module.vpc.aws_vpc_security_group_ingress_rule.sg-master-ingress-ssh",
            "module.vpc.aws_vpc_security_group_ingress_rule.sg-rds-ingress-3306",
            "module.vpc.aws_vpc_security_group_ingress_rule.sg-worker-ingress-10250",
            "module.vpc.aws_vpc_security_group_ingress_rule.sg-worker-ingress-179",
            "module.vpc.aws_vpc_security_group_ingress_rule.sg-worker-ingress-31000",
            "module.vpc.aws_vpc_security_group_ingress_rule.sg-worker-ingress-ssh"
          ]
        }
      ]
    },
    {
      "module": "module.ec2",
      "mode": "managed",
      "type": "aws_alb_target_group_attachment",
      "name": "vm-target",
      "provider": "provider[\"registry.terraform.io/hashicorp/aws\"]",
      "instances": [
        {
          "schema_version": 0,
          "attributes": {
            "availability_zone": null,
            "id": "arn:aws:elasticloadbalancing:ap-south-1:079858837546:targetgroup/coding-cloud-vm-target/1b87140cec9ce820-2025120404440183170000000f",
            "port": 31000,
            "region": "ap-south-1",
            "target_group_arn": "arn:aws:elasticloadbalancing:ap-south-1:079858837546:targetgroup/coding-cloud-vm-target/1b87140cec9ce820",
            "target_id": "i-062519dc9b4401e3d"
          },
          "sensitive_attributes": [],
          "identity_schema_version": 0,
          "private": "bnVsbA==",
          "dependencies": [
            "module.ec2.aws_alb_target_group.lb-target",
            "module.ec2.aws_iam_instance_profile.profile",
            "module.ec2.aws_instance.worker",
            "module.ec2.aws_key_pair.key",
            "module.vpc.aws_eip.terra-eip",
            "module.vpc.aws_internet_gateway.terra-igw",
            "module.vpc.aws_nat_gateway.terra-nat",
            "module.vpc.aws_route.terra-priv-route",
            "module.vpc.aws_route.terra-pub-route",
            "module.vpc.aws_route_table.terra-private",
            "module.vpc.aws_route_table.terra-public",
            "module.vpc.aws_route_table_association.terra-priva-asso-1",
            "module.vpc.aws_route_table_association.terra-priva-asso-2",
            "module.vpc.aws_route_table_association.terra-pub-asso-1",
            "module.vpc.aws_route_table_association.terra-pub-asso-2",
            "module.vpc.aws_security_group.sg-alb",
            "module.vpc.aws_security_group.sg-docker",
            "module.vpc.aws_security_group.sg-jenkins",
            "module.vpc.aws_security_group.sg-k8s-master",
            "module.vpc.aws_security_group.sg-k8s-worker",
            "module.vpc.aws_security_group.sg-rds",
            "module.vpc.aws_subnet.terra-pub-sub-1",
            "module.vpc.aws_subnet.terra-pub-sub-2",
            "module.vpc.aws_subnet.terra-sub-priva-1",
            "module.vpc.aws_subnet.terra-sub-priva-2",
            "module.vpc.aws_vpc.terra-vpc",
            "module.vpc.aws_vpc_security_group_egress_rule.sg-alb-egress-all",
            "module.vpc.aws_vpc_security_group_egress_rule.sg-docker-egress-all",
            "module.vpc.aws_vpc_security_group_egress_rule.sg-jenkins-egress-all",
            "module.vpc.aws_vpc_security_group_egress_rule.sg-master-egress-all",
            "module.vpc.aws_vpc_security_group_egress_rule.sg-rds-egress-all",
            "module.vpc.aws_vpc_security_group_egress_rule.sg-worker-egress-all",
            "module.vpc.aws_vpc_security_group_ingress_rule.sg-alb-ingress-http",
            "module.vpc.aws_vpc_security_group_ingress_rule.sg-docker-ingress-ssh",
            "module.vpc.aws_vpc_security_group_ingress_rule.sg-jenkins-ingress-8080",
            "module.vpc.aws_vpc_security_group_ingress_rule.sg-jenkins-ingress-ssh",
            "module.vpc.aws_vpc_security_group_ingress_rule.sg-master-ingress-10250",
            "module.vpc.aws_vpc_security_group_ingress_rule.sg-master-ingress-179",
            "module.vpc.aws_vpc_security_group_ingress_rule.sg-master-ingress-6443",
            "module.vpc.aws_vpc_security_group_ingress_rule.sg-master-ingress-ssh",
            "module.vpc.aws_vpc_security_group_ingress_rule.sg-rds-ingress-3306",
            "module.vpc.aws_vpc_security_group_ingress_rule.sg-worker-ingress-10250",
            "module.vpc.aws_vpc_security_group_ingress_rule.sg-worker-ingress-179",
            "module.vpc.aws_vpc_security_group_ingress_rule.sg-worker-ingress-31000",
            "module.vpc.aws_vpc_security_group_ingress_rule.sg-worker-ingress-ssh"
          ]
        }
      ]
    },
    {
      "module": "module.ec2",
      "mode": "managed",
      "type": "aws_iam_instance_profile",
      "name": "profile",
      "provider": "provider[\"registry.terraform.io/hashicorp/aws\"]",
      "instances": [
        {
          "schema_version": 0,
          "attributes": {
            "arn": "arn:aws:iam::079858837546:instance-profile/cluster-instance-profile",
            "create_date": "2025-12-04T04:43:32Z",
            "id": "cluster-instance-profile",
            "name": "cluster-instance-profile",
            "name_prefix": "",
            "path": "/",
            "role": "Cluster-Role",
            "tags": {},
            "tags_all": {},
            "unique_id": "AIPARFF7VFAVNHCD43FIG"
          },
          "sensitive_attributes": [],
          "identity_schema_version": 0,
          "private": "bnVsbA==",
          "dependencies": [
            "module.vpc.aws_eip.terra-eip",
            "module.vpc.aws_internet_gateway.terra-igw",
            "module.vpc.aws_nat_gateway.terra-nat",
            "module.vpc.aws_route.terra-priv-route",
            "module.vpc.aws_route.terra-pub-route",
            "module.vpc.aws_route_table.terra-private",
            "module.vpc.aws_route_table.terra-public",
            "module.vpc.aws_route_table_association.terra-priva-asso-1",
            "module.vpc.aws_route_table_association.terra-priva-asso-2",
            "module.vpc.aws_route_table_association.terra-pub-asso-1",
            "module.vpc.aws_route_table_association.terra-pub-asso-2",
            "module.vpc.aws_security_group.sg-alb",
            "module.vpc.aws_security_group.sg-docker",
            "module.vpc.aws_security_group.sg-jenkins",
            "module.vpc.aws_security_group.sg-k8s-master",
            "module.vpc.aws_security_group.sg-k8s-worker",
            "module.vpc.aws_security_group.sg-rds",
            "module.vpc.aws_subnet.terra-pub-sub-1",
            "module.vpc.aws_subnet.terra-pub-sub-2",
            "module.vpc.aws_subnet.terra-sub-priva-1",
            "module.vpc.aws_subnet.terra-sub-priva-2",
            "module.vpc.aws_vpc.terra-vpc",
            "module.vpc.aws_vpc_security_group_egress_rule.sg-alb-egress-all",
            "module.vpc.aws_vpc_security_group_egress_rule.sg-docker-egress-all",
            "module.vpc.aws_vpc_security_group_egress_rule.sg-jenkins-egress-all",
            "module.vpc.aws_vpc_security_group_egress_rule.sg-master-egress-all",
            "module.vpc.aws_vpc_security_group_egress_rule.sg-rds-egress-all",
            "module.vpc.aws_vpc_security_group_egress_rule.sg-worker-egress-all",
            "module.vpc.aws_vpc_security_group_ingress_rule.sg-alb-ingress-http",
            "module.vpc.aws_vpc_security_group_ingress_rule.sg-docker-ingress-ssh",
            "module.vpc.aws_vpc_security_group_ingress_rule.sg-jenkins-ingress-8080",
            "module.vpc.aws_vpc_security_group_ingress_rule.sg-jenkins-ingress-ssh",
            "module.vpc.aws_vpc_security_group_ingress_rule.sg-master-ingress-10250",
            "module.vpc.aws_vpc_security_group_ingress_rule.sg-master-ingress-179",
            "module.vpc.aws_vpc_security_group_ingress_rule.sg-master-ingress-6443",
            "module.vpc.aws_vpc_security_group_ingress_rule.sg-master-ingress-ssh",
            "module.vpc.aws_vpc_security_group_ingress_rule.sg-rds-ingress-3306",
            "module.vpc.aws_vpc_security_group_ingress_rule.sg-worker-ingress-10250",
            "module.vpc.aws_vpc_security_group_ingress_rule.sg-worker-ingress-179",
            "module.vpc.aws_vpc_security_group_ingress_rule.sg-worker-ingress-31000",
            "module.vpc.aws_vpc_security_group_ingress_rule.sg-worker-ingress-ssh"
          ]
        }
      ]
    },
    {
      "module": "module.ec2",
      "mode": "managed",
      "type": "aws_instance",
      "name": "docker",
      "provider": "provider[\"registry.terraform.io/hashicorp/aws\"]",
      "instances": [
        {
          "schema_version": 2,
          "attributes": {
            "ami": "ami-02b8269d5e85954ef",
            "arn": "arn:aws:ec2:ap-south-1:079858837546:instance/i-0511ef7ad79de0670",
            "associate_public_ip_address": false,
            "availability_zone": "ap-south-1a",
            "capacity_reservation_specification": [
              {
                "capacity_reservation_preference": "open",
                "capacity_reservation_target": []
              }
            ],
            "cpu_options": [
              {
                "amd_sev_snp": "",
                "core_count": 2,
                "threads_per_core": 1
              }
            ],
            "credit_specification": [
              {
                "cpu_credits": "standard"
              }
            ],
            "disable_api_stop": false,
            "disable_api_termination": false,
            "ebs_block_device": [],
            "ebs_optimized": false,
            "enable_primary_ipv6": null,
            "enclave_options": [
              {
                "enabled": false
              }
            ],
            "ephemeral_block_device": [],
            "force_destroy": false,
            "get_password_data": false,
            "hibernation": false,
            "host_id": "",
            "host_resource_group_arn": null,
            "iam_instance_profile": "",
            "id": "i-0511ef7ad79de0670",
            "instance_initiated_shutdown_behavior": "stop",
            "instance_lifecycle": "",
            "instance_market_options": [],
            "instance_state": "running",
            "instance_type": "t2.medium",
            "ipv6_address_count": 0,
            "ipv6_addresses": [],
            "key_name": "coding-cloud-key",
            "launch_template": [],
            "maintenance_options": [
              {
                "auto_recovery": "default"
              }
            ],
            "metadata_options": [
              {
                "http_endpoint": "enabled",
                "http_protocol_ipv6": "disabled",
                "http_put_response_hop_limit": 2,
                "http_tokens": "required",
                "instance_metadata_tags": "disabled"
              }
            ],
            "monitoring": false,
            "network_interface": [],
            "outpost_arn": "",
            "password_data": "",
            "placement_group": "",
            "placement_group_id": "",
            "placement_partition_number": 0,
            "primary_network_interface": [
              {
                "delete_on_termination": true,
                "network_interface_id": "eni-051910bfcd5099a25"
              }
            ],
            "primary_network_interface_id": "eni-051910bfcd5099a25",
            "private_dns": "ip-10-0-67-118.ap-south-1.compute.internal",
            "private_dns_name_options": [
              {
                "enable_resource_name_dns_a_record": false,
                "enable_resource_name_dns_aaaa_record": false,
                "hostname_type": "ip-name"
              }
            ],
            "private_ip": "10.0.67.118",
            "public_dns": "",
            "public_ip": "",
            "region": "ap-south-1",
            "root_block_device": [
              {
                "delete_on_termination": true,
                "device_name": "/dev/sda1",
                "encrypted": false,
                "iops": 3000,
                "kms_key_id": "",
                "tags": {},
                "tags_all": {},
                "throughput": 125,
                "volume_id": "vol-08bb3927b3b60803d",
                "volume_size": 15,
                "volume_type": "gp3"
              }
            ],
            "secondary_private_ips": [],
            "security_groups": [],
            "source_dest_check": true,
            "spot_instance_request_id": "",
            "subnet_id": "subnet-0bfef8b870afe3228",
            "tags": {
              "Name": "Docker"
            },
            "tags_all": {
              "Name": "Docker"
            },
            "tenancy": "default",
            "timeouts": null,
            "user_data": null,
            "user_data_base64": null,
            "user_data_replace_on_change": false,
            "volume_tags": null,
            "vpc_security_group_ids": [
              "sg-0af88f267fab474a3"
            ]
          },
          "sensitive_attributes": [],
          "identity_schema_version": 0,
          "identity": {
            "account_id": "079858837546",
            "id": "i-0511ef7ad79de0670",
            "region": "ap-south-1"
          },
          "private": "eyJlMmJmYjczMC1lY2FhLTExZTYtOGY4OC0zNDM2M2JjN2M0YzAiOnsiY3JlYXRlIjo2MDAwMDAwMDAwMDAsImRlbGV0ZSI6MTIwMDAwMDAwMDAwMCwicmVhZCI6OTAwMDAwMDAwMDAwLCJ1cGRhdGUiOjYwMDAwMDAwMDAwMH0sInNjaGVtYV92ZXJzaW9uIjoiMiJ9",
          "dependencies": [
            "module.ec2.aws_key_pair.key",
            "module.vpc.aws_eip.terra-eip",
            "module.vpc.aws_internet_gateway.terra-igw",
            "module.vpc.aws_nat_gateway.terra-nat",
            "module.vpc.aws_route.terra-priv-route",
            "module.vpc.aws_route.terra-pub-route",
            "module.vpc.aws_route_table.terra-private",
            "module.vpc.aws_route_table.terra-public",
            "module.vpc.aws_route_table_association.terra-priva-asso-1",
            "module.vpc.aws_route_table_association.terra-priva-asso-2",
            "module.vpc.aws_route_table_association.terra-pub-asso-1",
            "module.vpc.aws_route_table_association.terra-pub-asso-2",
            "module.vpc.aws_security_group.sg-alb",
            "module.vpc.aws_security_group.sg-docker",
            "module.vpc.aws_security_group.sg-jenkins",
            "module.vpc.aws_security_group.sg-k8s-master",
            "module.vpc.aws_security_group.sg-k8s-worker",
            "module.vpc.aws_security_group.sg-rds",
            "module.vpc.aws_subnet.terra-pub-sub-1",
            "module.vpc.aws_subnet.terra-pub-sub-2",
            "module.vpc.aws_subnet.terra-sub-priva-1",
            "module.vpc.aws_subnet.terra-sub-priva-2",
            "module.vpc.aws_vpc.terra-vpc",
            "module.vpc.aws_vpc_security_group_egress_rule.sg-alb-egress-all",
            "module.vpc.aws_vpc_security_group_egress_rule.sg-docker-egress-all",
            "module.vpc.aws_vpc_security_group_egress_rule.sg-jenkins-egress-all",
            "module.vpc.aws_vpc_security_group_egress_rule.sg-master-egress-all",
            "module.vpc.aws_vpc_security_group_egress_rule.sg-rds-egress-all",
            "module.vpc.aws_vpc_security_group_egress_rule.sg-worker-egress-all",
            "module.vpc.aws_vpc_security_group_ingress_rule.sg-alb-ingress-http",
            "module.vpc.aws_vpc_security_group_ingress_rule.sg-docker-ingress-ssh",
            "module.vpc.aws_vpc_security_group_ingress_rule.sg-jenkins-ingress-8080",
            "module.vpc.aws_vpc_security_group_ingress_rule.sg-jenkins-ingress-ssh",
            "module.vpc.aws_vpc_security_group_ingress_rule.sg-master-ingress-10250",
            "module.vpc.aws_vpc_security_group_ingress_rule.sg-master-ingress-179",
            "module.vpc.aws_vpc_security_group_ingress_rule.sg-master-ingress-6443",
            "module.vpc.aws_vpc_security_group_ingress_rule.sg-master-ingress-ssh",
            "module.vpc.aws_vpc_security_group_ingress_rule.sg-rds-ingress-3306",
            "module.vpc.aws_vpc_security_group_ingress_rule.sg-worker-ingress-10250",
            "module.vpc.aws_vpc_security_group_ingress_rule.sg-worker-ingress-179",
            "module.vpc.aws_vpc_security_group_ingress_rule.sg-worker-ingress-31000",
            "module.vpc.aws_vpc_security_group_ingress_rule.sg-worker-ingress-ssh"
          ]
        }
      ]
    },
    {
      "module": "module.ec2",
      "mode": "managed",
      "type": "aws_instance",
      "name": "jenkins",
      "provider": "provider[\"registry.terraform.io/hashicorp/aws\"]",
      "instances": [
        {
          "schema_version": 2,
          "attributes": {
            "ami": "ami-02b8269d5e85954ef",
            "arn": "arn:aws:ec2:ap-south-1:079858837546:instance/i-00728765980be60b4",
            "associate_public_ip_address": true,
            "availability_zone": "ap-south-1a",
            "capacity_reservation_specification": [
              {
                "capacity_reservation_preference": "open",
                "capacity_reservation_target": []
              }
            ],
            "cpu_options": [
              {
                "amd_sev_snp": "",
                "core_count": 2,
                "threads_per_core": 1
              }
            ],
            "credit_specification": [
              {
                "cpu_credits": "standard"
              }
            ],
            "disable_api_stop": false,
            "disable_api_termination": false,
            "ebs_block_device": [],
            "ebs_optimized": false,
            "enable_primary_ipv6": null,
            "enclave_options": [
              {
                "enabled": false
              }
            ],
            "ephemeral_block_device": [],
            "force_destroy": false,
            "get_password_data": false,
            "hibernation": false,
            "host_id": "",
            "host_resource_group_arn": null,
            "iam_instance_profile": "",
            "id": "i-00728765980be60b4",
            "instance_initiated_shutdown_behavior": "stop",
            "instance_lifecycle": "",
            "instance_market_options": [],
            "instance_state": "running",
            "instance_type": "t2.medium",
            "ipv6_address_count": 0,
            "ipv6_addresses": [],
            "key_name": "coding-cloud-key",
            "launch_template": [],
            "maintenance_options": [
              {
                "auto_recovery": "default"
              }
            ],
            "metadata_options": [
              {
                "http_endpoint": "enabled",
                "http_protocol_ipv6": "disabled",
                "http_put_response_hop_limit": 2,
                "http_tokens": "required",
                "instance_metadata_tags": "disabled"
              }
            ],
            "monitoring": false,
            "network_interface": [],
            "outpost_arn": "",
            "password_data": "",
            "placement_group": "",
            "placement_group_id": "",
            "placement_partition_number": 0,
            "primary_network_interface": [
              {
                "delete_on_termination": true,
                "network_interface_id": "eni-083b94f07c1aae427"
              }
            ],
            "primary_network_interface_id": "eni-083b94f07c1aae427",
            "private_dns": "ip-10-0-16-134.ap-south-1.compute.internal",
            "private_dns_name_options": [
              {
                "enable_resource_name_dns_a_record": false,
                "enable_resource_name_dns_aaaa_record": false,
                "hostname_type": "ip-name"
              }
            ],
            "private_ip": "10.0.16.134",
            "public_dns": "",
            "public_ip": "13.127.243.89",
            "region": "ap-south-1",
            "root_block_device": [
              {
                "delete_on_termination": true,
                "device_name": "/dev/sda1",
                "encrypted": false,
                "iops": 3000,
                "kms_key_id": "",
                "tags": {},
                "tags_all": {},
                "throughput": 125,
                "volume_id": "vol-0ff782d0b9983e91c",
                "volume_size": 10,
                "volume_type": "gp3"
              }
            ],
            "secondary_private_ips": [],
            "security_groups": [],
            "source_dest_check": true,
            "spot_instance_request_id": "",
            "subnet_id": "subnet-0408565e3630ef4f9",
            "tags": {
              "Name": "Jenkins"
            },
            "tags_all": {
              "Name": "Jenkins"
            },
            "tenancy": "default",
            "timeouts": null,
            "user_data": null,
            "user_data_base64": null,
            "user_data_replace_on_change": false,
            "volume_tags": null,
            "vpc_security_group_ids": [
              "sg-00368fbc0b57cfa99"
            ]
          },
          "sensitive_attributes": [],
          "identity_schema_version": 0,
          "identity": {
            "account_id": "079858837546",
            "id": "i-00728765980be60b4",
            "region": "ap-south-1"
          },
          "private": "eyJlMmJmYjczMC1lY2FhLTExZTYtOGY4OC0zNDM2M2JjN2M0YzAiOnsiY3JlYXRlIjo2MDAwMDAwMDAwMDAsImRlbGV0ZSI6MTIwMDAwMDAwMDAwMCwicmVhZCI6OTAwMDAwMDAwMDAwLCJ1cGRhdGUiOjYwMDAwMDAwMDAwMH0sInNjaGVtYV92ZXJzaW9uIjoiMiJ9",
          "dependencies": [
            "module.ec2.aws_key_pair.key",
            "module.vpc.aws_eip.terra-eip",
            "module.vpc.aws_internet_gateway.terra-igw",
            "module.vpc.aws_nat_gateway.terra-nat",
            "module.vpc.aws_route.terra-priv-route",
            "module.vpc.aws_route.terra-pub-route",
            "module.vpc.aws_route_table.terra-private",
            "module.vpc.aws_route_table.terra-public",
            "module.vpc.aws_route_table_association.terra-priva-asso-1",
            "module.vpc.aws_route_table_association.terra-priva-asso-2",
            "module.vpc.aws_route_table_association.terra-pub-asso-1",
            "module.vpc.aws_route_table_association.terra-pub-asso-2",
            "module.vpc.aws_security_group.sg-alb",
            "module.vpc.aws_security_group.sg-docker",
            "module.vpc.aws_security_group.sg-jenkins",
            "module.vpc.aws_security_group.sg-k8s-master",
            "module.vpc.aws_security_group.sg-k8s-worker",
            "module.vpc.aws_security_group.sg-rds",
            "module.vpc.aws_subnet.terra-pub-sub-1",
            "module.vpc.aws_subnet.terra-pub-sub-2",
            "module.vpc.aws_subnet.terra-sub-priva-1",
            "module.vpc.aws_subnet.terra-sub-priva-2",
            "module.vpc.aws_vpc.terra-vpc",
            "module.vpc.aws_vpc_security_group_egress_rule.sg-alb-egress-all",
            "module.vpc.aws_vpc_security_group_egress_rule.sg-docker-egress-all",
            "module.vpc.aws_vpc_security_group_egress_rule.sg-jenkins-egress-all",
            "module.vpc.aws_vpc_security_group_egress_rule.sg-master-egress-all",
            "module.vpc.aws_vpc_security_group_egress_rule.sg-rds-egress-all",
            "module.vpc.aws_vpc_security_group_egress_rule.sg-worker-egress-all",
            "module.vpc.aws_vpc_security_group_ingress_rule.sg-alb-ingress-http",
            "module.vpc.aws_vpc_security_group_ingress_rule.sg-docker-ingress-ssh",
            "module.vpc.aws_vpc_security_group_ingress_rule.sg-jenkins-ingress-8080",
            "module.vpc.aws_vpc_security_group_ingress_rule.sg-jenkins-ingress-ssh",
            "module.vpc.aws_vpc_security_group_ingress_rule.sg-master-ingress-10250",
            "module.vpc.aws_vpc_security_group_ingress_rule.sg-master-ingress-179",
            "module.vpc.aws_vpc_security_group_ingress_rule.sg-master-ingress-6443",
            "module.vpc.aws_vpc_security_group_ingress_rule.sg-master-ingress-ssh",
            "module.vpc.aws_vpc_security_group_ingress_rule.sg-rds-ingress-3306",
            "module.vpc.aws_vpc_security_group_ingress_rule.sg-worker-ingress-10250",
            "module.vpc.aws_vpc_security_group_ingress_rule.sg-worker-ingress-179",
            "module.vpc.aws_vpc_security_group_ingress_rule.sg-worker-ingress-31000",
            "module.vpc.aws_vpc_security_group_ingress_rule.sg-worker-ingress-ssh"
          ]
        }
      ]
    },
    {
      "module": "module.ec2",
      "mode": "managed",
      "type": "aws_instance",
      "name": "master",
      "provider": "provider[\"registry.terraform.io/hashicorp/aws\"]",
      "instances": [
        {
          "schema_version": 2,
          "attributes": {
            "ami": "ami-00cafcbeaa5aaba5a",
            "arn": "arn:aws:ec2:ap-south-1:079858837546:instance/i-0b55c612a712ec214",
            "associate_public_ip_address": false,
            "availability_zone": "ap-south-1a",
            "capacity_reservation_specification": [
              {
                "capacity_reservation_preference": "open",
                "capacity_reservation_target": []
              }
            ],
            "cpu_options": [
              {
                "amd_sev_snp": "",
                "core_count": 2,
                "threads_per_core": 1
              }
            ],
            "credit_specification": [
              {
                "cpu_credits": "standard"
              }
            ],
            "disable_api_stop": false,
            "disable_api_termination": false,
            "ebs_block_device": [],
            "ebs_optimized": false,
            "enable_primary_ipv6": null,
            "enclave_options": [
              {
                "enabled": false
              }
            ],
            "ephemeral_block_device": [],
            "force_destroy": false,
            "get_password_data": false,
            "hibernation": false,
            "host_id": "",
            "host_resource_group_arn": null,
            "iam_instance_profile": "cluster-instance-profile",
            "id": "i-0b55c612a712ec214",
            "instance_initiated_shutdown_behavior": "stop",
            "instance_lifecycle": "",
            "instance_market_options": [],
            "instance_state": "running",
            "instance_type": "t2.medium",
            "ipv6_address_count": 0,
            "ipv6_addresses": [],
            "key_name": "coding-cloud-key",
            "launch_template": [],
            "maintenance_options": [
              {
                "auto_recovery": "default"
              }
            ],
            "metadata_options": [
              {
                "http_endpoint": "enabled",
                "http_protocol_ipv6": "disabled",
                "http_put_response_hop_limit": 2,
                "http_tokens": "required",
                "instance_metadata_tags": "disabled"
              }
            ],
            "monitoring": false,
            "network_interface": [],
            "outpost_arn": "",
            "password_data": "",
            "placement_group": "",
            "placement_group_id": "",
            "placement_partition_number": 0,
            "primary_network_interface": [
              {
                "delete_on_termination": true,
                "network_interface_id": "eni-02ebfad2d02b89162"
              }
            ],
            "primary_network_interface_id": "eni-02ebfad2d02b89162",
            "private_dns": "ip-10-0-77-101.ap-south-1.compute.internal",
            "private_dns_name_options": [
              {
                "enable_resource_name_dns_a_record": false,
                "enable_resource_name_dns_aaaa_record": false,
                "hostname_type": "ip-name"
              }
            ],
            "private_ip": "10.0.77.101",
            "public_dns": "",
            "public_ip": "",
            "region": "ap-south-1",
            "root_block_device": [
              {
                "delete_on_termination": true,
                "device_name": "/dev/sda1",
                "encrypted": false,
                "iops": 3000,
                "kms_key_id": "",
                "tags": {},
                "tags_all": {},
                "throughput": 125,
                "volume_id": "vol-0cbbf1600662c49c7",
                "volume_size": 10,
                "volume_type": "gp3"
              }
            ],
            "secondary_private_ips": [],
            "security_groups": [],
            "source_dest_check": true,
            "spot_instance_request_id": "",
            "subnet_id": "subnet-0bfef8b870afe3228",
            "tags": {
              "Name": "K8s-Master"
            },
            "tags_all": {
              "Name": "K8s-Master"
            },
            "tenancy": "default",
            "timeouts": null,
            "user_data": "#!/bin/bash\n\nset -e\nset -o pipefail\n\nLOG_FILE=\"/var/log/k8s-master-init.log\"\nexec \u003e \u003e(tee -a ${LOG_FILE}) 2\u003e\u00261\n\necho \"Kubernetes Master Initilization Started\"\n\n## Function to add timestamp at each step\nlog() {\n    echo \"[$(date +'%Y-%m-%d %H:%M:%S')] $1\"\n}\n\n## Function to check the command status\ncheck_status() {\n    if [ $? -eq 0 ]; then\n       log \"$1 Succeeded\"\n    else \n       log \"$1 Failed\"\n    exit 1\n    fi\n}\n\nlog \"Initilazing Kubernetes Cluster\"\nAPI_SERVER_IP=$(hostname -I | awk '{print $1}')\nsudo kubeadm init --apiserver-advertise-address=$API_SERVER_IP | tee /tmp/kubeadm-init.log\ncheck_status \"kubeadm init\"\nlog \"Kubernetes Cluster Initialized Successfully\"\n\nlog \"Setting up kubectl for ubuntu user\"\nmkdir -p /home/ubuntu/.kube\nsudo cp -i /etc/kubernetes/admin.conf /home/ubuntu/.kube/config\nsudo chown ubuntu:ubuntu /home/ubuntu/.kube/config\ncheck_status \"Kubectl Configuration\"\n\nsudo -u ubuntu kubectl get nodes\ncheck_status \"kubectl Verification\"\n\nlog \"Generate Worker Command\"\nJOIN_COMMAND=$(sudo kubeadm token create --print-join-command)\n\nif [ -z \"$JOIN_COMMAND\" ]; then\n   log \"Failed to generate command\"\n   exit 1\nfi\n\nlog \"Join command generated Successfully\"\n\necho \"$JOIN_COMMAND\" \u003e /tmp/cluster-join-command.sh\nchmod +x /tmp/cluster-join-command.sh\n\nlog \"Uploading Join-command.sh to S3\"\naws s3 cp /tmp/cluster-join-command.sh s3://coding-cloud-cluster\ncheck_status \"S3 File Upload\"\nlog \"Join command.sh uploaded successfully\"\n\nlog \"Installing Calico CNI\"\nsudo -u ubuntu kubectl apply -f https://raw.githubusercontent.com/projectcalico/calico/v3.25.0/manifests/calico.yaml\ncheck_status \"Calico Installation\"\nsleep 30\nsudo -u ubuntu kubectl get pods -n kube-system | grep calico || true\n\nexit 0",
            "user_data_base64": null,
            "user_data_replace_on_change": false,
            "volume_tags": null,
            "vpc_security_group_ids": [
              "sg-0e813d40161d54582"
            ]
          },
          "sensitive_attributes": [],
          "identity_schema_version": 0,
          "identity": {
            "account_id": "079858837546",
            "id": "i-0b55c612a712ec214",
            "region": "ap-south-1"
          },
          "private": "eyJlMmJmYjczMC1lY2FhLTExZTYtOGY4OC0zNDM2M2JjN2M0YzAiOnsiY3JlYXRlIjo2MDAwMDAwMDAwMDAsImRlbGV0ZSI6MTIwMDAwMDAwMDAwMCwicmVhZCI6OTAwMDAwMDAwMDAwLCJ1cGRhdGUiOjYwMDAwMDAwMDAwMH0sInNjaGVtYV92ZXJzaW9uIjoiMiJ9",
          "dependencies": [
            "module.ec2.aws_iam_instance_profile.profile",
            "module.ec2.aws_key_pair.key",
            "module.vpc.aws_eip.terra-eip",
            "module.vpc.aws_internet_gateway.terra-igw",
            "module.vpc.aws_nat_gateway.terra-nat",
            "module.vpc.aws_route.terra-priv-route",
            "module.vpc.aws_route.terra-pub-route",
            "module.vpc.aws_route_table.terra-private",
            "module.vpc.aws_route_table.terra-public",
            "module.vpc.aws_route_table_association.terra-priva-asso-1",
            "module.vpc.aws_route_table_association.terra-priva-asso-2",
            "module.vpc.aws_route_table_association.terra-pub-asso-1",
            "module.vpc.aws_route_table_association.terra-pub-asso-2",
            "module.vpc.aws_security_group.sg-alb",
            "module.vpc.aws_security_group.sg-docker",
            "module.vpc.aws_security_group.sg-jenkins",
            "module.vpc.aws_security_group.sg-k8s-master",
            "module.vpc.aws_security_group.sg-k8s-worker",
            "module.vpc.aws_security_group.sg-rds",
            "module.vpc.aws_subnet.terra-pub-sub-1",
            "module.vpc.aws_subnet.terra-pub-sub-2",
            "module.vpc.aws_subnet.terra-sub-priva-1",
            "module.vpc.aws_subnet.terra-sub-priva-2",
            "module.vpc.aws_vpc.terra-vpc",
            "module.vpc.aws_vpc_security_group_egress_rule.sg-alb-egress-all",
            "module.vpc.aws_vpc_security_group_egress_rule.sg-docker-egress-all",
            "module.vpc.aws_vpc_security_group_egress_rule.sg-jenkins-egress-all",
            "module.vpc.aws_vpc_security_group_egress_rule.sg-master-egress-all",
            "module.vpc.aws_vpc_security_group_egress_rule.sg-rds-egress-all",
            "module.vpc.aws_vpc_security_group_egress_rule.sg-worker-egress-all",
            "module.vpc.aws_vpc_security_group_ingress_rule.sg-alb-ingress-http",
            "module.vpc.aws_vpc_security_group_ingress_rule.sg-docker-ingress-ssh",
            "module.vpc.aws_vpc_security_group_ingress_rule.sg-jenkins-ingress-8080",
            "module.vpc.aws_vpc_security_group_ingress_rule.sg-jenkins-ingress-ssh",
            "module.vpc.aws_vpc_security_group_ingress_rule.sg-master-ingress-10250",
            "module.vpc.aws_vpc_security_group_ingress_rule.sg-master-ingress-179",
            "module.vpc.aws_vpc_security_group_ingress_rule.sg-master-ingress-6443",
            "module.vpc.aws_vpc_security_group_ingress_rule.sg-master-ingress-ssh",
            "module.vpc.aws_vpc_security_group_ingress_rule.sg-rds-ingress-3306",
            "module.vpc.aws_vpc_security_group_ingress_rule.sg-worker-ingress-10250",
            "module.vpc.aws_vpc_security_group_ingress_rule.sg-worker-ingress-179",
            "module.vpc.aws_vpc_security_group_ingress_rule.sg-worker-ingress-31000",
            "module.vpc.aws_vpc_security_group_ingress_rule.sg-worker-ingress-ssh"
          ]
        }
      ]
    },
    {
      "module": "module.ec2",
      "mode": "managed",
      "type": "aws_instance",
      "name": "worker",
      "provider": "provider[\"registry.terraform.io/hashicorp/aws\"]",
      "instances": [
        {
          "schema_version": 2,
          "attributes": {
            "ami": "ami-00cafcbeaa5aaba5a",
            "arn": "arn:aws:ec2:ap-south-1:079858837546:instance/i-062519dc9b4401e3d",
            "associate_public_ip_address": false,
            "availability_zone": "ap-south-1b",
            "capacity_reservation_specification": [
              {
                "capacity_reservation_preference": "open",
                "capacity_reservation_target": []
              }
            ],
            "cpu_options": [
              {
                "amd_sev_snp": "",
                "core_count": 2,
                "threads_per_core": 1
              }
            ],
            "credit_specification": [
              {
                "cpu_credits": "standard"
              }
            ],
            "disable_api_stop": false,
            "disable_api_termination": false,
            "ebs_block_device": [],
            "ebs_optimized": false,
            "enable_primary_ipv6": null,
            "enclave_options": [
              {
                "enabled": false
              }
            ],
            "ephemeral_block_device": [],
            "force_destroy": false,
            "get_password_data": false,
            "hibernation": false,
            "host_id": "",
            "host_resource_group_arn": null,
            "iam_instance_profile": "cluster-instance-profile",
            "id": "i-062519dc9b4401e3d",
            "instance_initiated_shutdown_behavior": "stop",
            "instance_lifecycle": "",
            "instance_market_options": [],
            "instance_state": "running",
            "instance_type": "t2.medium",
            "ipv6_address_count": 0,
            "ipv6_addresses": [],
            "key_name": "coding-cloud-key",
            "launch_template": [],
            "maintenance_options": [
              {
                "auto_recovery": "default"
              }
            ],
            "metadata_options": [
              {
                "http_endpoint": "enabled",
                "http_protocol_ipv6": "disabled",
                "http_put_response_hop_limit": 2,
                "http_tokens": "required",
                "instance_metadata_tags": "disabled"
              }
            ],
            "monitoring": false,
            "network_interface": [],
            "outpost_arn": "",
            "password_data": "",
            "placement_group": "",
            "placement_group_id": "",
            "placement_partition_number": 0,
            "primary_network_interface": [
              {
                "delete_on_termination": true,
                "network_interface_id": "eni-02876d05203ab7122"
              }
            ],
            "primary_network_interface_id": "eni-02876d05203ab7122",
            "private_dns": "ip-10-0-96-54.ap-south-1.compute.internal",
            "private_dns_name_options": [
              {
                "enable_resource_name_dns_a_record": false,
                "enable_resource_name_dns_aaaa_record": false,
                "hostname_type": "ip-name"
              }
            ],
            "private_ip": "10.0.96.54",
            "public_dns": "",
            "public_ip": "",
            "region": "ap-south-1",
            "root_block_device": [
              {
                "delete_on_termination": true,
                "device_name": "/dev/sda1",
                "encrypted": false,
                "iops": 3000,
                "kms_key_id": "",
                "tags": {},
                "tags_all": {},
                "throughput": 125,
                "volume_id": "vol-07207f86e5b6b6eb1",
                "volume_size": 10,
                "volume_type": "gp3"
              }
            ],
            "secondary_private_ips": [],
            "security_groups": [],
            "source_dest_check": true,
            "spot_instance_request_id": "",
            "subnet_id": "subnet-0d2a8618c0e660bed",
            "tags": {
              "Name": "K8s-Worker"
            },
            "tags_all": {
              "Name": "K8s-Worker"
            },
            "tenancy": "default",
            "timeouts": null,
            "user_data": "#!/bin/bash\n\nset -e\n\nLOG_FILE=\"/var/log/worker-join.log\"\nexec \u003e \u003e(tee -a \"$LOG_FILE\") 2\u003e\u00261\n\nlog() {\n    echo \"[$(date +'%Y-%m-%d %H:%M:%S')] $1\"\n}\n\ncheck_status() {\n    if [ $? -eq 0 ]; then\n       log \"$1 Succeeded\"\n    else \n       log \"$1 Failed\"\n    fi\n}\n\nwhile true; do\n   aws s3 cp s3://coding-cloud-cluster/cluster-join-command.sh /tmp/cluster-join-command.sh \u0026\u0026 break\n   sleep 10\ndone\n\nlog \"Setting Permissions\"\nchmod +x /tmp/cluster-join-command.sh\ncheck_status \"Setting Permissions\"\n\nlog \"Running Join Command\"\nbash /tmp/cluster-join-command.sh\ncheck_status \"Running Join Command\"\n\nexit 0",
            "user_data_base64": null,
            "user_data_replace_on_change": false,
            "volume_tags": null,
            "vpc_security_group_ids": [
              "sg-0073885f9d2b7d40d"
            ]
          },
          "sensitive_attributes": [],
          "identity_schema_version": 0,
          "identity": {
            "account_id": "079858837546",
            "id": "i-062519dc9b4401e3d",
            "region": "ap-south-1"
          },
          "private": "eyJlMmJmYjczMC1lY2FhLTExZTYtOGY4OC0zNDM2M2JjN2M0YzAiOnsiY3JlYXRlIjo2MDAwMDAwMDAwMDAsImRlbGV0ZSI6MTIwMDAwMDAwMDAwMCwicmVhZCI6OTAwMDAwMDAwMDAwLCJ1cGRhdGUiOjYwMDAwMDAwMDAwMH0sInNjaGVtYV92ZXJzaW9uIjoiMiJ9",
          "dependencies": [
            "module.ec2.aws_iam_instance_profile.profile",
            "module.ec2.aws_key_pair.key",
            "module.vpc.aws_eip.terra-eip",
            "module.vpc.aws_internet_gateway.terra-igw",
            "module.vpc.aws_nat_gateway.terra-nat",
            "module.vpc.aws_route.terra-priv-route",
            "module.vpc.aws_route.terra-pub-route",
            "module.vpc.aws_route_table.terra-private",
            "module.vpc.aws_route_table.terra-public",
            "module.vpc.aws_route_table_association.terra-priva-asso-1",
            "module.vpc.aws_route_table_association.terra-priva-asso-2",
            "module.vpc.aws_route_table_association.terra-pub-asso-1",
            "module.vpc.aws_route_table_association.terra-pub-asso-2",
            "module.vpc.aws_security_group.sg-alb",
            "module.vpc.aws_security_group.sg-docker",
            "module.vpc.aws_security_group.sg-jenkins",
            "module.vpc.aws_security_group.sg-k8s-master",
            "module.vpc.aws_security_group.sg-k8s-worker",
            "module.vpc.aws_security_group.sg-rds",
            "module.vpc.aws_subnet.terra-pub-sub-1",
            "module.vpc.aws_subnet.terra-pub-sub-2",
            "module.vpc.aws_subnet.terra-sub-priva-1",
            "module.vpc.aws_subnet.terra-sub-priva-2",
            "module.vpc.aws_vpc.terra-vpc",
            "module.vpc.aws_vpc_security_group_egress_rule.sg-alb-egress-all",
            "module.vpc.aws_vpc_security_group_egress_rule.sg-docker-egress-all",
            "module.vpc.aws_vpc_security_group_egress_rule.sg-jenkins-egress-all",
            "module.vpc.aws_vpc_security_group_egress_rule.sg-master-egress-all",
            "module.vpc.aws_vpc_security_group_egress_rule.sg-rds-egress-all",
            "module.vpc.aws_vpc_security_group_egress_rule.sg-worker-egress-all",
            "module.vpc.aws_vpc_security_group_ingress_rule.sg-alb-ingress-http",
            "module.vpc.aws_vpc_security_group_ingress_rule.sg-docker-ingress-ssh",
            "module.vpc.aws_vpc_security_group_ingress_rule.sg-jenkins-ingress-8080",
            "module.vpc.aws_vpc_security_group_ingress_rule.sg-jenkins-ingress-ssh",
            "module.vpc.aws_vpc_security_group_ingress_rule.sg-master-ingress-10250",
            "module.vpc.aws_vpc_security_group_ingress_rule.sg-master-ingress-179",
            "module.vpc.aws_vpc_security_group_ingress_rule.sg-master-ingress-6443",
            "module.vpc.aws_vpc_security_group_ingress_rule.sg-master-ingress-ssh",
            "module.vpc.aws_vpc_security_group_ingress_rule.sg-rds-ingress-3306",
            "module.vpc.aws_vpc_security_group_ingress_rule.sg-worker-ingress-10250",
            "module.vpc.aws_vpc_security_group_ingress_rule.sg-worker-ingress-179",
            "module.vpc.aws_vpc_security_group_ingress_rule.sg-worker-ingress-31000",
            "module.vpc.aws_vpc_security_group_ingress_rule.sg-worker-ingress-ssh"
          ]
        }
      ]
    },
    {
      "module": "module.ec2",
      "mode": "managed",
      "type": "aws_key_pair",
      "name": "key",
      "provider": "provider[\"registry.terraform.io/hashicorp/aws\"]",
      "instances": [
        {
          "schema_version": 1,
          "attributes": {
            "arn": "arn:aws:ec2:ap-south-1:079858837546:key-pair/coding-cloud-key",
            "fingerprint": "JGW7RccjoHEj3viF9yLFRFQCCgJm+OozVDsa8b2XeWU=",
            "id": "coding-cloud-key",
            "key_name": "coding-cloud-key",
            "key_name_prefix": "",
            "key_pair_id": "key-0a2e54a6aa8727bd2",
            "key_type": "ed25519",
            "public_key": "ssh-ed25519 AAAAC3NzaC1lZDI1NTE5AAAAIIpihb3jMlcA5CTwr4/CoR72oYH59bsCFlV3w36lhHPp admin@DESKTOP-LE5TRU2",
            "region": "ap-south-1",
            "tags": {},
            "tags_all": {}
          },
          "sensitive_attributes": [],
          "identity_schema_version": 0,
          "private": "eyJzY2hlbWFfdmVyc2lvbiI6IjEifQ==",
          "dependencies": [
            "module.vpc.aws_eip.terra-eip",
            "module.vpc.aws_internet_gateway.terra-igw",
            "module.vpc.aws_nat_gateway.terra-nat",
            "module.vpc.aws_route.terra-priv-route",
            "module.vpc.aws_route.terra-pub-route",
            "module.vpc.aws_route_table.terra-private",
            "module.vpc.aws_route_table.terra-public",
            "module.vpc.aws_route_table_association.terra-priva-asso-1",
            "module.vpc.aws_route_table_association.terra-priva-asso-2",
            "module.vpc.aws_route_table_association.terra-pub-asso-1",
            "module.vpc.aws_route_table_association.terra-pub-asso-2",
            "module.vpc.aws_security_group.sg-alb",
            "module.vpc.aws_security_group.sg-docker",
            "module.vpc.aws_security_group.sg-jenkins",
            "module.vpc.aws_security_group.sg-k8s-master",
            "module.vpc.aws_security_group.sg-k8s-worker",
            "module.vpc.aws_security_group.sg-rds",
            "module.vpc.aws_subnet.terra-pub-sub-1",
            "module.vpc.aws_subnet.terra-pub-sub-2",
            "module.vpc.aws_subnet.terra-sub-priva-1",
            "module.vpc.aws_subnet.terra-sub-priva-2",
            "module.vpc.aws_vpc.terra-vpc",
            "module.vpc.aws_vpc_security_group_egress_rule.sg-alb-egress-all",
            "module.vpc.aws_vpc_security_group_egress_rule.sg-docker-egress-all",
            "module.vpc.aws_vpc_security_group_egress_rule.sg-jenkins-egress-all",
            "module.vpc.aws_vpc_security_group_egress_rule.sg-master-egress-all",
            "module.vpc.aws_vpc_security_group_egress_rule.sg-rds-egress-all",
            "module.vpc.aws_vpc_security_group_egress_rule.sg-worker-egress-all",
            "module.vpc.aws_vpc_security_group_ingress_rule.sg-alb-ingress-http",
            "module.vpc.aws_vpc_security_group_ingress_rule.sg-docker-ingress-ssh",
            "module.vpc.aws_vpc_security_group_ingress_rule.sg-jenkins-ingress-8080",
            "module.vpc.aws_vpc_security_group_ingress_rule.sg-jenkins-ingress-ssh",
            "module.vpc.aws_vpc_security_group_ingress_rule.sg-master-ingress-10250",
            "module.vpc.aws_vpc_security_group_ingress_rule.sg-master-ingress-179",
            "module.vpc.aws_vpc_security_group_ingress_rule.sg-master-ingress-6443",
            "module.vpc.aws_vpc_security_group_ingress_rule.sg-master-ingress-ssh",
            "module.vpc.aws_vpc_security_group_ingress_rule.sg-rds-ingress-3306",
            "module.vpc.aws_vpc_security_group_ingress_rule.sg-worker-ingress-10250",
            "module.vpc.aws_vpc_security_group_ingress_rule.sg-worker-ingress-179",
            "module.vpc.aws_vpc_security_group_ingress_rule.sg-worker-ingress-31000",
            "module.vpc.aws_vpc_security_group_ingress_rule.sg-worker-ingress-ssh"
          ]
        }
      ]
    },
    {
      "module": "module.rds",
      "mode": "managed",
      "type": "aws_db_instance",
      "name": "db",
      "provider": "provider[\"registry.terraform.io/hashicorp/aws\"]",
      "instances": [
        {
          "schema_version": 2,
          "attributes": {
            "address": "terraform-2025120404434018390000000c.c7gy6y42sqg3.ap-south-1.rds.amazonaws.com",
            "allocated_storage": 400,
            "allow_major_version_upgrade": null,
            "apply_immediately": false,
            "arn": "arn:aws:rds:ap-south-1:079858837546:db:terraform-2025120404434018390000000c",
            "auto_minor_version_upgrade": true,
            "availability_zone": "ap-south-1a",
            "backup_retention_period": 0,
            "backup_target": "region",
            "backup_window": "18:48-19:18",
            "blue_green_update": [],
            "ca_cert_identifier": "rds-ca-rsa2048-g1",
            "character_set_name": "",
            "copy_tags_to_snapshot": false,
            "custom_iam_instance_profile": "",
            "customer_owned_ip_enabled": false,
            "database_insights_mode": "standard",
            "db_name": "codingclouddb",
            "db_subnet_group_name": "private-subnet-group",
            "dedicated_log_volume": false,
            "delete_automated_backups": true,
            "deletion_protection": false,
            "domain": "",
            "domain_auth_secret_arn": "",
            "domain_dns_ips": [],
            "domain_fqdn": "",
            "domain_iam_role_name": "",
            "domain_ou": "",
            "enabled_cloudwatch_logs_exports": [],
            "endpoint": "terraform-2025120404434018390000000c.c7gy6y42sqg3.ap-south-1.rds.amazonaws.com:3306",
            "engine": "mysql",
            "engine_lifecycle_support": "open-source-rds-extended-support",
            "engine_version": "8.0",
            "engine_version_actual": "8.0.43",
            "final_snapshot_identifier": null,
            "hosted_zone_id": "Z2VFMSZA74J7XZ",
            "iam_database_authentication_enabled": false,
            "id": "db-RIYPOLDQOHX3XETEHVZWBSVK2M",
            "identifier": "terraform-2025120404434018390000000c",
            "identifier_prefix": "terraform-",
            "instance_class": "db.t3.micro",
            "iops": 12000,
            "kms_key_id": "",
            "latest_restorable_time": "",
            "license_model": "general-public-license",
            "listener_endpoint": [],
            "maintenance_window": "fri:10:55-fri:11:25",
            "manage_master_user_password": null,
            "master_user_secret": [],
            "master_user_secret_kms_key_id": null,
            "max_allocated_storage": 0,
            "monitoring_interval": 0,
            "monitoring_role_arn": "",
            "multi_az": false,
            "nchar_character_set_name": "",
            "network_type": "IPV4",
            "option_group_name": "default:mysql-8-0",
            "parameter_group_name": "default.mysql8.0",
            "password": "snow1234",
            "password_wo": null,
            "password_wo_version": null,
            "performance_insights_enabled": false,
            "performance_insights_kms_key_id": "",
            "performance_insights_retention_period": 0,
            "port": 3306,
            "publicly_accessible": false,
            "region": "ap-south-1",
            "replica_mode": "",
            "replicas": [],
            "replicate_source_db": "",
            "resource_id": "db-RIYPOLDQOHX3XETEHVZWBSVK2M",
            "restore_to_point_in_time": [],
            "s3_import": [],
            "skip_final_snapshot": true,
            "snapshot_identifier": null,
            "status": "available",
            "storage_encrypted": false,
            "storage_throughput": 500,
            "storage_type": "gp3",
            "tags": {},
            "tags_all": {},
            "timeouts": null,
            "timezone": "",
            "upgrade_storage_config": null,
            "username": "root",
            "vpc_security_group_ids": [
              "sg-06b38035215c921ba"
            ]
          },
          "sensitive_attributes": [
            [
              {
                "type": "get_attr",
                "value": "password"
              }
            ],
            [
              {
                "type": "get_attr",
                "value": "password_wo"
              }
            ]
          ],
          "identity_schema_version": 0,
          "private": "eyJlMmJmYjczMC1lY2FhLTExZTYtOGY4OC0zNDM2M2JjN2M0YzAiOnsiY3JlYXRlIjozMDAwMDAwMDAwMDAwLCJkZWxldGUiOjM2MDAwMDAwMDAwMDAsInVwZGF0ZSI6NDgwMDAwMDAwMDAwMH0sInNjaGVtYV92ZXJzaW9uIjoiMiJ9",
          "dependencies": [
            "module.rds.aws_db_subnet_group.rds-db-subnet",
            "module.vpc.aws_eip.terra-eip",
            "module.vpc.aws_internet_gateway.terra-igw",
            "module.vpc.aws_nat_gateway.terra-nat",
            "module.vpc.aws_route.terra-priv-route",
            "module.vpc.aws_route.terra-pub-route",
            "module.vpc.aws_route_table.terra-private",
            "module.vpc.aws_route_table.terra-public",
            "module.vpc.aws_route_table_association.terra-priva-asso-1",
            "module.vpc.aws_route_table_association.terra-priva-asso-2",
            "module.vpc.aws_route_table_association.terra-pub-asso-1",
            "module.vpc.aws_route_table_association.terra-pub-asso-2",
            "module.vpc.aws_security_group.sg-alb",
            "module.vpc.aws_security_group.sg-docker",
            "module.vpc.aws_security_group.sg-jenkins",
            "module.vpc.aws_security_group.sg-k8s-master",
            "module.vpc.aws_security_group.sg-k8s-worker",
            "module.vpc.aws_security_group.sg-rds",
            "module.vpc.aws_subnet.terra-pub-sub-1",
            "module.vpc.aws_subnet.terra-pub-sub-2",
            "module.vpc.aws_subnet.terra-sub-priva-1",
            "module.vpc.aws_subnet.terra-sub-priva-2",
            "module.vpc.aws_vpc.terra-vpc",
            "module.vpc.aws_vpc_security_group_egress_rule.sg-alb-egress-all",
            "module.vpc.aws_vpc_security_group_egress_rule.sg-docker-egress-all",
            "module.vpc.aws_vpc_security_group_egress_rule.sg-jenkins-egress-all",
            "module.vpc.aws_vpc_security_group_egress_rule.sg-master-egress-all",
            "module.vpc.aws_vpc_security_group_egress_rule.sg-rds-egress-all",
            "module.vpc.aws_vpc_security_group_egress_rule.sg-worker-egress-all",
            "module.vpc.aws_vpc_security_group_ingress_rule.sg-alb-ingress-http",
            "module.vpc.aws_vpc_security_group_ingress_rule.sg-docker-ingress-ssh",
            "module.vpc.aws_vpc_security_group_ingress_rule.sg-jenkins-ingress-8080",
            "module.vpc.aws_vpc_security_group_ingress_rule.sg-jenkins-ingress-ssh",
            "module.vpc.aws_vpc_security_group_ingress_rule.sg-master-ingress-10250",
            "module.vpc.aws_vpc_security_group_ingress_rule.sg-master-ingress-179",
            "module.vpc.aws_vpc_security_group_ingress_rule.sg-master-ingress-6443",
            "module.vpc.aws_vpc_security_group_ingress_rule.sg-master-ingress-ssh",
            "module.vpc.aws_vpc_security_group_ingress_rule.sg-rds-ingress-3306",
            "module.vpc.aws_vpc_security_group_ingress_rule.sg-worker-ingress-10250",
            "module.vpc.aws_vpc_security_group_ingress_rule.sg-worker-ingress-179",
            "module.vpc.aws_vpc_security_group_ingress_rule.sg-worker-ingress-31000",
            "module.vpc.aws_vpc_security_group_ingress_rule.sg-worker-ingress-ssh"
          ]
        }
      ]
    },
    {
      "module": "module.rds",
      "mode": "managed",
      "type": "aws_db_subnet_group",
      "name": "rds-db-subnet",
      "provider": "provider[\"registry.terraform.io/hashicorp/aws\"]",
      "instances": [
        {
          "schema_version": 0,
          "attributes": {
            "arn": "arn:aws:rds:ap-south-1:079858837546:subgrp:private-subnet-group",
            "description": "Managed by Terraform",
            "id": "private-subnet-group",
            "name": "private-subnet-group",
            "name_prefix": "",
            "region": "ap-south-1",
            "subnet_ids": [
              "subnet-0bfef8b870afe3228",
              "subnet-0d2a8618c0e660bed"
            ],
            "supported_network_types": [
              "IPV4"
            ],
            "tags": {},
            "tags_all": {},
            "vpc_id": "vpc-0ed4328f47c53f7bd"
          },
          "sensitive_attributes": [],
          "identity_schema_version": 0,
          "private": "bnVsbA==",
          "dependencies": [
            "module.vpc.aws_eip.terra-eip",
            "module.vpc.aws_internet_gateway.terra-igw",
            "module.vpc.aws_nat_gateway.terra-nat",
            "module.vpc.aws_route.terra-priv-route",
            "module.vpc.aws_route.terra-pub-route",
            "module.vpc.aws_route_table.terra-private",
            "module.vpc.aws_route_table.terra-public",
            "module.vpc.aws_route_table_association.terra-priva-asso-1",
            "module.vpc.aws_route_table_association.terra-priva-asso-2",
            "module.vpc.aws_route_table_association.terra-pub-asso-1",
            "module.vpc.aws_route_table_association.terra-pub-asso-2",
            "module.vpc.aws_security_group.sg-alb",
            "module.vpc.aws_security_group.sg-docker",
            "module.vpc.aws_security_group.sg-jenkins",
            "module.vpc.aws_security_group.sg-k8s-master",
            "module.vpc.aws_security_group.sg-k8s-worker",
            "module.vpc.aws_security_group.sg-rds",
            "module.vpc.aws_subnet.terra-pub-sub-1",
            "module.vpc.aws_subnet.terra-pub-sub-2",
            "module.vpc.aws_subnet.terra-sub-priva-1",
            "module.vpc.aws_subnet.terra-sub-priva-2",
            "module.vpc.aws_vpc.terra-vpc",
            "module.vpc.aws_vpc_security_group_egress_rule.sg-alb-egress-all",
            "module.vpc.aws_vpc_security_group_egress_rule.sg-docker-egress-all",
            "module.vpc.aws_vpc_security_group_egress_rule.sg-jenkins-egress-all",
            "module.vpc.aws_vpc_security_group_egress_rule.sg-master-egress-all",
            "module.vpc.aws_vpc_security_group_egress_rule.sg-rds-egress-all",
            "module.vpc.aws_vpc_security_group_egress_rule.sg-worker-egress-all",
            "module.vpc.aws_vpc_security_group_ingress_rule.sg-alb-ingress-http",
            "module.vpc.aws_vpc_security_group_ingress_rule.sg-docker-ingress-ssh",
            "module.vpc.aws_vpc_security_group_ingress_rule.sg-jenkins-ingress-8080",
            "module.vpc.aws_vpc_security_group_ingress_rule.sg-jenkins-ingress-ssh",
            "module.vpc.aws_vpc_security_group_ingress_rule.sg-master-ingress-10250",
            "module.vpc.aws_vpc_security_group_ingress_rule.sg-master-ingress-179",
            "module.vpc.aws_vpc_security_group_ingress_rule.sg-master-ingress-6443",
            "module.vpc.aws_vpc_security_group_ingress_rule.sg-master-ingress-ssh",
            "module.vpc.aws_vpc_security_group_ingress_rule.sg-rds-ingress-3306",
            "module.vpc.aws_vpc_security_group_ingress_rule.sg-worker-ingress-10250",
            "module.vpc.aws_vpc_security_group_ingress_rule.sg-worker-ingress-179",
            "module.vpc.aws_vpc_security_group_ingress_rule.sg-worker-ingress-31000",
            "module.vpc.aws_vpc_security_group_ingress_rule.sg-worker-ingress-ssh"
          ]
        }
      ]
    },
    {
      "module": "module.vpc",
      "mode": "managed",
      "type": "aws_eip",
      "name": "terra-eip",
      "provider": "provider[\"registry.terraform.io/hashicorp/aws\"]",
      "instances": [
        {
          "schema_version": 0,
          "attributes": {
            "address": null,
            "allocation_id": "eipalloc-08b9a09b94194ff74",
            "arn": "arn:aws:ec2:ap-south-1:079858837546:elastic-ip/eipalloc-08b9a09b94194ff74",
            "associate_with_private_ip": null,
            "association_id": "eipassoc-03ae14e3e8224caaa",
            "carrier_ip": "",
            "customer_owned_ip": "",
            "customer_owned_ipv4_pool": "",
            "domain": "vpc",
            "id": "eipalloc-08b9a09b94194ff74",
            "instance": "",
            "ipam_pool_id": null,
            "network_border_group": "ap-south-1",
            "network_interface": "eni-09609b9cd79e5261d",
            "private_dns": "ip-10-0-19-44.ap-south-1.compute.internal",
            "private_ip": "10.0.19.44",
            "ptr_record": "",
            "public_dns": "ec2-3-7-150-212.ap-south-1.compute.amazonaws.com",
            "public_ip": "3.7.150.212",
            "public_ipv4_pool": "amazon",
            "region": "ap-south-1",
            "tags": {
              "Name": "NAT-EIP"
            },
            "tags_all": {
              "Name": "NAT-EIP"
            },
            "timeouts": null
          },
          "sensitive_attributes": [],
          "identity_schema_version": 0,
          "private": "eyJlMmJmYjczMC1lY2FhLTExZTYtOGY4OC0zNDM2M2JjN2M0YzAiOnsiZGVsZXRlIjoxODAwMDAwMDAwMDAsInJlYWQiOjkwMDAwMDAwMDAwMCwidXBkYXRlIjozMDAwMDAwMDAwMDB9fQ=="
        }
      ]
    },
    {
      "module": "module.vpc",
      "mode": "managed",
      "type": "aws_internet_gateway",
      "name": "terra-igw",
      "provider": "provider[\"registry.terraform.io/hashicorp/aws\"]",
      "instances": [
        {
          "schema_version": 0,
          "attributes": {
            "arn": "arn:aws:ec2:ap-south-1:079858837546:internet-gateway/igw-03a04917a9a828cd9",
            "id": "igw-03a04917a9a828cd9",
            "owner_id": "079858837546",
            "region": "ap-south-1",
            "tags": {
              "Name": "Coding-Cloud-IGW"
            },
            "tags_all": {
              "Name": "Coding-Cloud-IGW"
            },
            "timeouts": null,
            "vpc_id": "vpc-0ed4328f47c53f7bd"
          },
          "sensitive_attributes": [],
          "identity_schema_version": 0,
          "private": "eyJlMmJmYjczMC1lY2FhLTExZTYtOGY4OC0zNDM2M2JjN2M0YzAiOnsiY3JlYXRlIjoxMjAwMDAwMDAwMDAwLCJkZWxldGUiOjEyMDAwMDAwMDAwMDAsInVwZGF0ZSI6MTIwMDAwMDAwMDAwMH19",
          "dependencies": [
            "module.vpc.aws_vpc.terra-vpc"
          ]
        }
      ]
    },
    {
      "module": "module.vpc",
      "mode": "managed",
      "type": "aws_nat_gateway",
      "name": "terra-nat",
      "provider": "provider[\"registry.terraform.io/hashicorp/aws\"]",
      "instances": [
        {
          "schema_version": 0,
          "attributes": {
            "allocation_id": "eipalloc-08b9a09b94194ff74",
            "association_id": "eipassoc-03ae14e3e8224caaa",
            "connectivity_type": "public",
            "id": "nat-080893792966b0bf0",
            "network_interface_id": "eni-09609b9cd79e5261d",
            "private_ip": "10.0.19.44",
            "public_ip": "3.7.150.212",
            "region": "ap-south-1",
            "secondary_allocation_ids": [],
            "secondary_private_ip_address_count": 0,
            "secondary_private_ip_addresses": [],
            "subnet_id": "subnet-0408565e3630ef4f9",
            "tags": {
              "Name": "Coding-Cloud-NAT"
            },
            "tags_all": {
              "Name": "Coding-Cloud-NAT"
            },
            "timeouts": null
          },
          "sensitive_attributes": [],
          "identity_schema_version": 0,
          "private": "eyJlMmJmYjczMC1lY2FhLTExZTYtOGY4OC0zNDM2M2JjN2M0YzAiOnsiY3JlYXRlIjo2MDAwMDAwMDAwMDAsImRlbGV0ZSI6MTgwMDAwMDAwMDAwMCwidXBkYXRlIjo2MDAwMDAwMDAwMDB9fQ==",
          "dependencies": [
            "module.vpc.aws_eip.terra-eip",
            "module.vpc.aws_subnet.terra-pub-sub-1",
            "module.vpc.aws_vpc.terra-vpc"
          ]
        }
      ]
    },
    {
      "module": "module.vpc",
      "mode": "managed",
      "type": "aws_route",
      "name": "terra-priv-route",
      "provider": "provider[\"registry.terraform.io/hashicorp/aws\"]",
      "instances": [
        {
          "schema_version": 0,
          "attributes": {
            "carrier_gateway_id": "",
            "core_network_arn": "",
            "destination_cidr_block": "0.0.0.0/0",
            "destination_ipv6_cidr_block": "",
            "destination_prefix_list_id": "",
            "egress_only_gateway_id": "",
            "gateway_id": "",
            "id": "r-rtb-0f071276fff7ccb431080289494",
            "instance_id": "",
            "instance_owner_id": "",
            "local_gateway_id": "",
            "nat_gateway_id": "nat-080893792966b0bf0",
            "network_interface_id": "",
            "origin": "CreateRoute",
            "region": "ap-south-1",
            "route_table_id": "rtb-0f071276fff7ccb43",
            "state": "active",
            "timeouts": null,
            "transit_gateway_id": "",
            "vpc_endpoint_id": "",
            "vpc_peering_connection_id": ""
          },
          "sensitive_attributes": [],
          "identity_schema_version": 0,
          "identity": {
            "account_id": "079858837546",
            "destination_cidr_block": "0.0.0.0/0",
            "destination_ipv6_cidr_block": null,
            "destination_prefix_list_id": null,
            "region": "ap-south-1",
            "route_table_id": "rtb-0f071276fff7ccb43"
          },
          "private": "eyJlMmJmYjczMC1lY2FhLTExZTYtOGY4OC0zNDM2M2JjN2M0YzAiOnsiY3JlYXRlIjozMDAwMDAwMDAwMDAsImRlbGV0ZSI6MzAwMDAwMDAwMDAwLCJ1cGRhdGUiOjEyMDAwMDAwMDAwMH19",
          "dependencies": [
            "module.vpc.aws_eip.terra-eip",
            "module.vpc.aws_nat_gateway.terra-nat",
            "module.vpc.aws_route_table.terra-private",
            "module.vpc.aws_subnet.terra-pub-sub-1",
            "module.vpc.aws_vpc.terra-vpc"
          ]
        }
      ]
    },
    {
      "module": "module.vpc",
      "mode": "managed",
      "type": "aws_route",
      "name": "terra-pub-route",
      "provider": "provider[\"registry.terraform.io/hashicorp/aws\"]",
      "instances": [
        {
          "schema_version": 0,
          "attributes": {
            "carrier_gateway_id": "",
            "core_network_arn": "",
            "destination_cidr_block": "0.0.0.0/0",
            "destination_ipv6_cidr_block": "",
            "destination_prefix_list_id": "",
            "egress_only_gateway_id": "",
            "gateway_id": "igw-03a04917a9a828cd9",
            "id": "r-rtb-09ae7ed939961f38d1080289494",
            "instance_id": "",
            "instance_owner_id": "",
            "local_gateway_id": "",
            "nat_gateway_id": "",
            "network_interface_id": "",
            "origin": "CreateRoute",
            "region": "ap-south-1",
            "route_table_id": "rtb-09ae7ed939961f38d",
            "state": "active",
            "timeouts": null,
            "transit_gateway_id": "",
            "vpc_endpoint_id": "",
            "vpc_peering_connection_id": ""
          },
          "sensitive_attributes": [],
          "identity_schema_version": 0,
          "identity": {
            "account_id": "079858837546",
            "destination_cidr_block": "0.0.0.0/0",
            "destination_ipv6_cidr_block": null,
            "destination_prefix_list_id": null,
            "region": "ap-south-1",
            "route_table_id": "rtb-09ae7ed939961f38d"
          },
          "private": "eyJlMmJmYjczMC1lY2FhLTExZTYtOGY4OC0zNDM2M2JjN2M0YzAiOnsiY3JlYXRlIjozMDAwMDAwMDAwMDAsImRlbGV0ZSI6MzAwMDAwMDAwMDAwLCJ1cGRhdGUiOjEyMDAwMDAwMDAwMH19",
          "dependencies": [
            "module.vpc.aws_eip.terra-eip",
            "module.vpc.aws_internet_gateway.terra-igw",
            "module.vpc.aws_nat_gateway.terra-nat",
            "module.vpc.aws_route_table.terra-public",
            "module.vpc.aws_subnet.terra-pub-sub-1",
            "module.vpc.aws_vpc.terra-vpc"
          ]
        }
      ]
    },
    {
      "module": "module.vpc",
      "mode": "managed",
      "type": "aws_route_table",
      "name": "terra-private",
      "provider": "provider[\"registry.terraform.io/hashicorp/aws\"]",
      "instances": [
        {
          "schema_version": 0,
          "attributes": {
            "arn": "arn:aws:ec2:ap-south-1:079858837546:route-table/rtb-0f071276fff7ccb43",
            "id": "rtb-0f071276fff7ccb43",
            "owner_id": "079858837546",
            "propagating_vgws": [],
            "region": "ap-south-1",
            "route": [
              {
                "carrier_gateway_id": "",
                "cidr_block": "0.0.0.0/0",
                "core_network_arn": "",
                "destination_prefix_list_id": "",
                "egress_only_gateway_id": "",
                "gateway_id": "",
                "ipv6_cidr_block": "",
                "local_gateway_id": "",
                "nat_gateway_id": "nat-080893792966b0bf0",
                "network_interface_id": "",
                "transit_gateway_id": "",
                "vpc_endpoint_id": "",
                "vpc_peering_connection_id": ""
              }
            ],
            "tags": {
              "Name": "Coding-Cloud-Private-Table"
            },
            "tags_all": {
              "Name": "Coding-Cloud-Private-Table"
            },
            "timeouts": null,
            "vpc_id": "vpc-0ed4328f47c53f7bd"
          },
          "sensitive_attributes": [],
          "identity_schema_version": 0,
          "identity": {
            "account_id": "079858837546",
            "id": "rtb-0f071276fff7ccb43",
            "region": "ap-south-1"
          },
          "private": "eyJlMmJmYjczMC1lY2FhLTExZTYtOGY4OC0zNDM2M2JjN2M0YzAiOnsiY3JlYXRlIjozMDAwMDAwMDAwMDAsImRlbGV0ZSI6MzAwMDAwMDAwMDAwLCJ1cGRhdGUiOjEyMDAwMDAwMDAwMH19",
          "dependencies": [
            "module.vpc.aws_vpc.terra-vpc"
          ]
        }
      ]
    },
    {
      "module": "module.vpc",
      "mode": "managed",
      "type": "aws_route_table",
      "name": "terra-public",
      "provider": "provider[\"registry.terraform.io/hashicorp/aws\"]",
      "instances": [
        {
          "schema_version": 0,
          "attributes": {
            "arn": "arn:aws:ec2:ap-south-1:079858837546:route-table/rtb-09ae7ed939961f38d",
            "id": "rtb-09ae7ed939961f38d",
            "owner_id": "079858837546",
            "propagating_vgws": [],
            "region": "ap-south-1",
            "route": [
              {
                "carrier_gateway_id": "",
                "cidr_block": "0.0.0.0/0",
                "core_network_arn": "",
                "destination_prefix_list_id": "",
                "egress_only_gateway_id": "",
                "gateway_id": "igw-03a04917a9a828cd9",
                "ipv6_cidr_block": "",
                "local_gateway_id": "",
                "nat_gateway_id": "",
                "network_interface_id": "",
                "transit_gateway_id": "",
                "vpc_endpoint_id": "",
                "vpc_peering_connection_id": ""
              }
            ],
            "tags": {
              "Name": "Coding-Cloud-Public-Table"
            },
            "tags_all": {
              "Name": "Coding-Cloud-Public-Table"
            },
            "timeouts": null,
            "vpc_id": "vpc-0ed4328f47c53f7bd"
          },
          "sensitive_attributes": [],
          "identity_schema_version": 0,
          "identity": {
            "account_id": "079858837546",
            "id": "rtb-09ae7ed939961f38d",
            "region": "ap-south-1"
          },
          "private": "eyJlMmJmYjczMC1lY2FhLTExZTYtOGY4OC0zNDM2M2JjN2M0YzAiOnsiY3JlYXRlIjozMDAwMDAwMDAwMDAsImRlbGV0ZSI6MzAwMDAwMDAwMDAwLCJ1cGRhdGUiOjEyMDAwMDAwMDAwMH19",
          "dependencies": [
            "module.vpc.aws_vpc.terra-vpc"
          ]
        }
      ]
    },
    {
      "module": "module.vpc",
      "mode": "managed",
      "type": "aws_route_table_association",
      "name": "terra-priva-asso-1",
      "provider": "provider[\"registry.terraform.io/hashicorp/aws\"]",
      "instances": [
        {
          "schema_version": 0,
          "attributes": {
            "gateway_id": "",
            "id": "rtbassoc-0c0247bcc8a181d9d",
            "region": "ap-south-1",
            "route_table_id": "rtb-0f071276fff7ccb43",
            "subnet_id": "subnet-0bfef8b870afe3228",
            "timeouts": null
          },
          "sensitive_attributes": [],
          "identity_schema_version": 0,
          "private": "eyJlMmJmYjczMC1lY2FhLTExZTYtOGY4OC0zNDM2M2JjN2M0YzAiOnsiY3JlYXRlIjozMDAwMDAwMDAwMDAsImRlbGV0ZSI6MzAwMDAwMDAwMDAwLCJ1cGRhdGUiOjEyMDAwMDAwMDAwMH19",
          "dependencies": [
            "module.vpc.aws_route_table.terra-private",
            "module.vpc.aws_subnet.terra-sub-priva-1",
            "module.vpc.aws_vpc.terra-vpc"
          ]
        }
      ]
    },
    {
      "module": "module.vpc",
      "mode": "managed",
      "type": "aws_route_table_association",
      "name": "terra-priva-asso-2",
      "provider": "provider[\"registry.terraform.io/hashicorp/aws\"]",
      "instances": [
        {
          "schema_version": 0,
          "attributes": {
            "gateway_id": "",
            "id": "rtbassoc-0131e42e604397f0d",
            "region": "ap-south-1",
            "route_table_id": "rtb-0f071276fff7ccb43",
            "subnet_id": "subnet-0d2a8618c0e660bed",
            "timeouts": null
          },
          "sensitive_attributes": [],
          "identity_schema_version": 0,
          "private": "eyJlMmJmYjczMC1lY2FhLTExZTYtOGY4OC0zNDM2M2JjN2M0YzAiOnsiY3JlYXRlIjozMDAwMDAwMDAwMDAsImRlbGV0ZSI6MzAwMDAwMDAwMDAwLCJ1cGRhdGUiOjEyMDAwMDAwMDAwMH19",
          "dependencies": [
            "module.vpc.aws_route_table.terra-private",
            "module.vpc.aws_subnet.terra-sub-priva-2",
            "module.vpc.aws_vpc.terra-vpc"
          ]
        }
      ]
    },
    {
      "module": "module.vpc",
      "mode": "managed",
      "type": "aws_route_table_association",
      "name": "terra-pub-asso-1",
      "provider": "provider[\"registry.terraform.io/hashicorp/aws\"]",
      "instances": [
        {
          "schema_version": 0,
          "attributes": {
            "gateway_id": "",
            "id": "rtbassoc-013be44abcea30ac9",
            "region": "ap-south-1",
            "route_table_id": "rtb-09ae7ed939961f38d",
            "subnet_id": "subnet-0408565e3630ef4f9",
            "timeouts": null
          },
          "sensitive_attributes": [],
          "identity_schema_version": 0,
          "private": "eyJlMmJmYjczMC1lY2FhLTExZTYtOGY4OC0zNDM2M2JjN2M0YzAiOnsiY3JlYXRlIjozMDAwMDAwMDAwMDAsImRlbGV0ZSI6MzAwMDAwMDAwMDAwLCJ1cGRhdGUiOjEyMDAwMDAwMDAwMH19",
          "dependencies": [
            "module.vpc.aws_route_table.terra-public",
            "module.vpc.aws_subnet.terra-pub-sub-1",
            "module.vpc.aws_vpc.terra-vpc"
          ]
        }
      ]
    },
    {
      "module": "module.vpc",
      "mode": "managed",
      "type": "aws_route_table_association",
      "name": "terra-pub-asso-2",
      "provider": "provider[\"registry.terraform.io/hashicorp/aws\"]",
      "instances": [
        {
          "schema_version": 0,
          "attributes": {
            "gateway_id": "",
            "id": "rtbassoc-03dfb1df6905681f5",
            "region": "ap-south-1",
            "route_table_id": "rtb-09ae7ed939961f38d",
            "subnet_id": "subnet-00661d3dc078f7ca2",
            "timeouts": null
          },
          "sensitive_attributes": [],
          "identity_schema_version": 0,
          "private": "eyJlMmJmYjczMC1lY2FhLTExZTYtOGY4OC0zNDM2M2JjN2M0YzAiOnsiY3JlYXRlIjozMDAwMDAwMDAwMDAsImRlbGV0ZSI6MzAwMDAwMDAwMDAwLCJ1cGRhdGUiOjEyMDAwMDAwMDAwMH19",
          "dependencies": [
            "module.vpc.aws_route_table.terra-public",
            "module.vpc.aws_subnet.terra-pub-sub-2",
            "module.vpc.aws_vpc.terra-vpc"
          ]
        }
      ]
    },
    {
      "module": "module.vpc",
      "mode": "managed",
      "type": "aws_security_group",
      "name": "sg-alb",
      "provider": "provider[\"registry.terraform.io/hashicorp/aws\"]",
      "instances": [
        {
          "schema_version": 1,
          "attributes": {
            "arn": "arn:aws:ec2:ap-south-1:079858837546:security-group/sg-0a42c7710272b8475",
            "description": "Managed by Terraform",
            "egress": [
              {
                "cidr_blocks": [
                  "0.0.0.0/0"
                ],
                "description": "",
                "from_port": 0,
                "ipv6_cidr_blocks": [],
                "prefix_list_ids": [],
                "protocol": "-1",
                "security_groups": [],
                "self": false,
                "to_port": 0
              }
            ],
            "id": "sg-0a42c7710272b8475",
            "ingress": [
              {
                "cidr_blocks": [
                  "0.0.0.0/0"
                ],
                "description": "",
                "from_port": 80,
                "ipv6_cidr_blocks": [],
                "prefix_list_ids": [],
                "protocol": "tcp",
                "security_groups": [],
                "self": false,
                "to_port": 80
              }
            ],
            "name": "terraform-20251204044153582700000004",
            "name_prefix": "terraform-",
            "owner_id": "079858837546",
            "region": "ap-south-1",
            "revoke_rules_on_delete": false,
            "tags": {
              "Name": "ALB-SG"
            },
            "tags_all": {
              "Name": "ALB-SG"
            },
            "timeouts": null,
            "vpc_id": "vpc-0ed4328f47c53f7bd"
          },
          "sensitive_attributes": [],
          "identity_schema_version": 0,
          "identity": {
            "account_id": "079858837546",
            "id": "sg-0a42c7710272b8475",
            "region": "ap-south-1"
          },
          "private": "eyJlMmJmYjczMC1lY2FhLTExZTYtOGY4OC0zNDM2M2JjN2M0YzAiOnsiY3JlYXRlIjo2MDAwMDAwMDAwMDAsImRlbGV0ZSI6OTAwMDAwMDAwMDAwfSwic2NoZW1hX3ZlcnNpb24iOiIxIn0=",
          "dependencies": [
            "module.vpc.aws_vpc.terra-vpc"
          ]
        }
      ]
    },
    {
      "module": "module.vpc",
      "mode": "managed",
      "type": "aws_security_group",
      "name": "sg-docker",
      "provider": "provider[\"registry.terraform.io/hashicorp/aws\"]",
      "instances": [
        {
          "schema_version": 1,
          "attributes": {
            "arn": "arn:aws:ec2:ap-south-1:079858837546:security-group/sg-0af88f267fab474a3",
            "description": "Managed by Terraform",
            "egress": [
              {
                "cidr_blocks": [
                  "0.0.0.0/0"
                ],
                "description": "",
                "from_port": 0,
                "ipv6_cidr_blocks": [],
                "prefix_list_ids": [],
                "protocol": "-1",
                "security_groups": [],
                "self": false,
                "to_port": 0
              }
            ],
            "id": "sg-0af88f267fab474a3",
            "ingress": [
              {
                "cidr_blocks": [
                  "0.0.0.0/0"
                ],
                "description": "",
                "from_port": 22,
                "ipv6_cidr_blocks": [],
                "prefix_list_ids": [],
                "protocol": "tcp",
                "security_groups": [],
                "self": false,
                "to_port": 22
              }
            ],
            "name": "terraform-20251204044153987500000008",
            "name_prefix": "terraform-",
            "owner_id": "079858837546",
            "region": "ap-south-1",
            "revoke_rules_on_delete": false,
            "tags": {
              "Name": "Docker-SG"
            },
            "tags_all": {
              "Name": "Docker-SG"
            },
            "timeouts": null,
            "vpc_id": "vpc-0ed4328f47c53f7bd"
          },
          "sensitive_attributes": [],
          "identity_schema_version": 0,
          "identity": {
            "account_id": "079858837546",
            "id": "sg-0af88f267fab474a3",
            "region": "ap-south-1"
          },
          "private": "eyJlMmJmYjczMC1lY2FhLTExZTYtOGY4OC0zNDM2M2JjN2M0YzAiOnsiY3JlYXRlIjo2MDAwMDAwMDAwMDAsImRlbGV0ZSI6OTAwMDAwMDAwMDAwfSwic2NoZW1hX3ZlcnNpb24iOiIxIn0=",
          "dependencies": [
            "module.vpc.aws_vpc.terra-vpc"
          ]
        }
      ]
    },
    {
      "module": "module.vpc",
      "mode": "managed",
      "type": "aws_security_group",
      "name": "sg-jenkins",
      "provider": "provider[\"registry.terraform.io/hashicorp/aws\"]",
      "instances": [
        {
          "schema_version": 1,
          "attributes": {
            "arn": "arn:aws:ec2:ap-south-1:079858837546:security-group/sg-00368fbc0b57cfa99",
            "description": "Managed by Terraform",
            "egress": [
              {
                "cidr_blocks": [
                  "0.0.0.0/0"
                ],
                "description": "",
                "from_port": 0,
                "ipv6_cidr_blocks": [],
                "prefix_list_ids": [],
                "protocol": "-1",
                "security_groups": [],
                "self": false,
                "to_port": 0
              }
            ],
            "id": "sg-00368fbc0b57cfa99",
            "ingress": [
              {
                "cidr_blocks": [
                  "0.0.0.0/0"
                ],
                "description": "",
                "from_port": 22,
                "ipv6_cidr_blocks": [],
                "prefix_list_ids": [],
                "protocol": "tcp",
                "security_groups": [],
                "self": false,
                "to_port": 22
              },
              {
                "cidr_blocks": [
                  "0.0.0.0/0"
                ],
                "description": "",
                "from_port": 8080,
                "ipv6_cidr_blocks": [],
                "prefix_list_ids": [],
                "protocol": "tcp",
                "security_groups": [],
                "self": false,
                "to_port": 8080
              }
            ],
            "name": "terraform-20251204044153577100000001",
            "name_prefix": "terraform-",
            "owner_id": "079858837546",
            "region": "ap-south-1",
            "revoke_rules_on_delete": false,
            "tags": {
              "Name": "Jenkins-Master-SG"
            },
            "tags_all": {
              "Name": "Jenkins-Master-SG"
            },
            "timeouts": null,
            "vpc_id": "vpc-0ed4328f47c53f7bd"
          },
          "sensitive_attributes": [],
          "identity_schema_version": 0,
          "identity": {
            "account_id": "079858837546",
            "id": "sg-00368fbc0b57cfa99",
            "region": "ap-south-1"
          },
          "private": "eyJlMmJmYjczMC1lY2FhLTExZTYtOGY4OC0zNDM2M2JjN2M0YzAiOnsiY3JlYXRlIjo2MDAwMDAwMDAwMDAsImRlbGV0ZSI6OTAwMDAwMDAwMDAwfSwic2NoZW1hX3ZlcnNpb24iOiIxIn0=",
          "dependencies": [
            "module.vpc.aws_vpc.terra-vpc"
          ]
        }
      ]
    },
    {
      "module": "module.vpc",
      "mode": "managed",
      "type": "aws_security_group",
      "name": "sg-k8s-master",
      "provider": "provider[\"registry.terraform.io/hashicorp/aws\"]",
      "instances": [
        {
          "schema_version": 1,
          "attributes": {
            "arn": "arn:aws:ec2:ap-south-1:079858837546:security-group/sg-0e813d40161d54582",
            "description": "Managed by Terraform",
            "egress": [
              {
                "cidr_blocks": [
                  "0.0.0.0/0"
                ],
                "description": "",
                "from_port": 0,
                "ipv6_cidr_blocks": [],
                "prefix_list_ids": [],
                "protocol": "-1",
                "security_groups": [],
                "self": false,
                "to_port": 0
              }
            ],
            "id": "sg-0e813d40161d54582",
            "ingress": [
              {
                "cidr_blocks": [
                  "0.0.0.0/0"
                ],
                "description": "",
                "from_port": 10250,
                "ipv6_cidr_blocks": [],
                "prefix_list_ids": [],
                "protocol": "tcp",
                "security_groups": [],
                "self": false,
                "to_port": 10250
              },
              {
                "cidr_blocks": [
                  "0.0.0.0/0"
                ],
                "description": "",
                "from_port": 179,
                "ipv6_cidr_blocks": [],
                "prefix_list_ids": [],
                "protocol": "tcp",
                "security_groups": [],
                "self": false,
                "to_port": 179
              },
              {
                "cidr_blocks": [
                  "0.0.0.0/0"
                ],
                "description": "",
                "from_port": 22,
                "ipv6_cidr_blocks": [],
                "prefix_list_ids": [],
                "protocol": "tcp",
                "security_groups": [],
                "self": false,
                "to_port": 22
              },
              {
                "cidr_blocks": [
                  "0.0.0.0/0"
                ],
                "description": "",
                "from_port": 6443,
                "ipv6_cidr_blocks": [],
                "prefix_list_ids": [],
                "protocol": "tcp",
                "security_groups": [],
                "self": false,
                "to_port": 6443
              }
            ],
            "name": "terraform-20251204044153594500000007",
            "name_prefix": "terraform-",
            "owner_id": "079858837546",
            "region": "ap-south-1",
            "revoke_rules_on_delete": false,
            "tags": {
              "Name": "K8s-Master-SG"
            },
            "tags_all": {
              "Name": "K8s-Master-SG"
            },
            "timeouts": null,
            "vpc_id": "vpc-0ed4328f47c53f7bd"
          },
          "sensitive_attributes": [],
          "identity_schema_version": 0,
          "identity": {
            "account_id": "079858837546",
            "id": "sg-0e813d40161d54582",
            "region": "ap-south-1"
          },
          "private": "eyJlMmJmYjczMC1lY2FhLTExZTYtOGY4OC0zNDM2M2JjN2M0YzAiOnsiY3JlYXRlIjo2MDAwMDAwMDAwMDAsImRlbGV0ZSI6OTAwMDAwMDAwMDAwfSwic2NoZW1hX3ZlcnNpb24iOiIxIn0=",
          "dependencies": [
            "module.vpc.aws_vpc.terra-vpc"
          ]
        }
      ]
    },
    {
      "module": "module.vpc",
      "mode": "managed",
      "type": "aws_security_group",
      "name": "sg-k8s-worker",
      "provider": "provider[\"registry.terraform.io/hashicorp/aws\"]",
      "instances": [
        {
          "schema_version": 1,
          "attributes": {
            "arn": "arn:aws:ec2:ap-south-1:079858837546:security-group/sg-0073885f9d2b7d40d",
            "description": "Managed by Terraform",
            "egress": [
              {
                "cidr_blocks": [
                  "0.0.0.0/0"
                ],
                "description": "",
                "from_port": 0,
                "ipv6_cidr_blocks": [],
                "prefix_list_ids": [],
                "protocol": "-1",
                "security_groups": [],
                "self": false,
                "to_port": 0
              }
            ],
            "id": "sg-0073885f9d2b7d40d",
            "ingress": [
              {
                "cidr_blocks": [
                  "0.0.0.0/0"
                ],
                "description": "",
                "from_port": 179,
                "ipv6_cidr_blocks": [],
                "prefix_list_ids": [],
                "protocol": "tcp",
                "security_groups": [],
                "self": false,
                "to_port": 179
              },
              {
                "cidr_blocks": [
                  "0.0.0.0/0"
                ],
                "description": "",
                "from_port": 22,
                "ipv6_cidr_blocks": [],
                "prefix_list_ids": [],
                "protocol": "tcp",
                "security_groups": [],
                "self": false,
                "to_port": 22
              },
              {
                "cidr_blocks": [
                  "0.0.0.0/0"
                ],
                "description": "",
                "from_port": 31000,
                "ipv6_cidr_blocks": [],
                "prefix_list_ids": [],
                "protocol": "tcp",
                "security_groups": [],
                "self": false,
                "to_port": 31000
              }
            ],
            "name": "terraform-20251204044153584200000005",
            "name_prefix": "terraform-",
            "owner_id": "079858837546",
            "region": "ap-south-1",
            "revoke_rules_on_delete": false,
            "tags": {
              "Name": "K8s-Worker-SG"
            },
            "tags_all": {
              "Name": "K8s-Worker-SG"
            },
            "timeouts": null,
            "vpc_id": "vpc-0ed4328f47c53f7bd"
          },
          "sensitive_attributes": [],
          "identity_schema_version": 0,
          "identity": {
            "account_id": "079858837546",
            "id": "sg-0073885f9d2b7d40d",
            "region": "ap-south-1"
          },
          "private": "eyJlMmJmYjczMC1lY2FhLTExZTYtOGY4OC0zNDM2M2JjN2M0YzAiOnsiY3JlYXRlIjo2MDAwMDAwMDAwMDAsImRlbGV0ZSI6OTAwMDAwMDAwMDAwfSwic2NoZW1hX3ZlcnNpb24iOiIxIn0=",
          "dependencies": [
            "module.vpc.aws_vpc.terra-vpc"
          ]
        }
      ]
    },
    {
      "module": "module.vpc",
      "mode": "managed",
      "type": "aws_security_group",
      "name": "sg-rds",
      "provider": "provider[\"registry.terraform.io/hashicorp/aws\"]",
      "instances": [
        {
          "schema_version": 1,
          "attributes": {
            "arn": "arn:aws:ec2:ap-south-1:079858837546:security-group/sg-06b38035215c921ba",
            "description": "Managed by Terraform",
            "egress": [
              {
                "cidr_blocks": [
                  "0.0.0.0/0"
                ],
                "description": "",
                "from_port": 0,
                "ipv6_cidr_blocks": [],
                "prefix_list_ids": [],
                "protocol": "-1",
                "security_groups": [],
                "self": false,
                "to_port": 0
              }
            ],
            "id": "sg-06b38035215c921ba",
            "ingress": [
              {
                "cidr_blocks": [
                  "0.0.0.0/0"
                ],
                "description": "",
                "from_port": 3306,
                "ipv6_cidr_blocks": [],
                "prefix_list_ids": [],
                "protocol": "tcp",
                "security_groups": [],
                "self": false,
                "to_port": 3306
              }
            ],
            "name": "terraform-20251204044153587600000006",
            "name_prefix": "terraform-",
            "owner_id": "079858837546",
            "region": "ap-south-1",
            "revoke_rules_on_delete": false,
            "tags": {
              "Name": "RDS-SG"
            },
            "tags_all": {
              "Name": "RDS-SG"
            },
            "timeouts": null,
            "vpc_id": "vpc-0ed4328f47c53f7bd"
          },
          "sensitive_attributes": [],
          "identity_schema_version": 0,
          "identity": {
            "account_id": "079858837546",
            "id": "sg-06b38035215c921ba",
            "region": "ap-south-1"
          },
          "private": "eyJlMmJmYjczMC1lY2FhLTExZTYtOGY4OC0zNDM2M2JjN2M0YzAiOnsiY3JlYXRlIjo2MDAwMDAwMDAwMDAsImRlbGV0ZSI6OTAwMDAwMDAwMDAwfSwic2NoZW1hX3ZlcnNpb24iOiIxIn0=",
          "dependencies": [
            "module.vpc.aws_vpc.terra-vpc"
          ]
        }
      ]
    },
    {
      "module": "module.vpc",
      "mode": "managed",
      "type": "aws_subnet",
      "name": "terra-pub-sub-1",
      "provider": "provider[\"registry.terraform.io/hashicorp/aws\"]",
      "instances": [
        {
          "schema_version": 1,
          "attributes": {
            "arn": "arn:aws:ec2:ap-south-1:079858837546:subnet/subnet-0408565e3630ef4f9",
            "assign_ipv6_address_on_creation": false,
            "availability_zone": "ap-south-1a",
            "availability_zone_id": "aps1-az1",
            "cidr_block": "10.0.0.0/19",
            "customer_owned_ipv4_pool": "",
            "enable_dns64": false,
            "enable_lni_at_device_index": 0,
            "enable_resource_name_dns_a_record_on_launch": false,
            "enable_resource_name_dns_aaaa_record_on_launch": false,
            "id": "subnet-0408565e3630ef4f9",
            "ipv6_cidr_block": "",
            "ipv6_cidr_block_association_id": "",
            "ipv6_native": false,
            "map_customer_owned_ip_on_launch": false,
            "map_public_ip_on_launch": false,
            "outpost_arn": "",
            "owner_id": "079858837546",
            "private_dns_hostname_type_on_launch": "ip-name",
            "region": "ap-south-1",
            "tags": {
              "Name": "Coding-Cloud-Public-Subnet-1"
            },
            "tags_all": {
              "Name": "Coding-Cloud-Public-Subnet-1"
            },
            "timeouts": null,
            "vpc_id": "vpc-0ed4328f47c53f7bd"
          },
          "sensitive_attributes": [],
          "identity_schema_version": 0,
          "identity": {
            "account_id": "079858837546",
            "id": "subnet-0408565e3630ef4f9",
            "region": "ap-south-1"
          },
          "private": "eyJlMmJmYjczMC1lY2FhLTExZTYtOGY4OC0zNDM2M2JjN2M0YzAiOnsiY3JlYXRlIjo2MDAwMDAwMDAwMDAsImRlbGV0ZSI6MTIwMDAwMDAwMDAwMH0sInNjaGVtYV92ZXJzaW9uIjoiMSJ9",
          "dependencies": [
            "module.vpc.aws_vpc.terra-vpc"
          ]
        }
      ]
    },
    {
      "module": "module.vpc",
      "mode": "managed",
      "type": "aws_subnet",
      "name": "terra-pub-sub-2",
      "provider": "provider[\"registry.terraform.io/hashicorp/aws\"]",
      "instances": [
        {
          "schema_version": 1,
          "attributes": {
            "arn": "arn:aws:ec2:ap-south-1:079858837546:subnet/subnet-00661d3dc078f7ca2",
            "assign_ipv6_address_on_creation": false,
            "availability_zone": "ap-south-1b",
            "availability_zone_id": "aps1-az3",
            "cidr_block": "10.0.32.0/19",
            "customer_owned_ipv4_pool": "",
            "enable_dns64": false,
            "enable_lni_at_device_index": 0,
            "enable_resource_name_dns_a_record_on_launch": false,
            "enable_resource_name_dns_aaaa_record_on_launch": false,
            "id": "subnet-00661d3dc078f7ca2",
            "ipv6_cidr_block": "",
            "ipv6_cidr_block_association_id": "",
            "ipv6_native": false,
            "map_customer_owned_ip_on_launch": false,
            "map_public_ip_on_launch": false,
            "outpost_arn": "",
            "owner_id": "079858837546",
            "private_dns_hostname_type_on_launch": "ip-name",
            "region": "ap-south-1",
            "tags": {
              "Name": "Coding-Cloud-Public-Subnet-2"
            },
            "tags_all": {
              "Name": "Coding-Cloud-Public-Subnet-2"
            },
            "timeouts": null,
            "vpc_id": "vpc-0ed4328f47c53f7bd"
          },
          "sensitive_attributes": [],
          "identity_schema_version": 0,
          "identity": {
            "account_id": "079858837546",
            "id": "subnet-00661d3dc078f7ca2",
            "region": "ap-south-1"
          },
          "private": "eyJlMmJmYjczMC1lY2FhLTExZTYtOGY4OC0zNDM2M2JjN2M0YzAiOnsiY3JlYXRlIjo2MDAwMDAwMDAwMDAsImRlbGV0ZSI6MTIwMDAwMDAwMDAwMH0sInNjaGVtYV92ZXJzaW9uIjoiMSJ9",
          "dependencies": [
            "module.vpc.aws_vpc.terra-vpc"
          ]
        }
      ]
    },
    {
      "module": "module.vpc",
      "mode": "managed",
      "type": "aws_subnet",
      "name": "terra-sub-priva-1",
      "provider": "provider[\"registry.terraform.io/hashicorp/aws\"]",
      "instances": [
        {
          "schema_version": 1,
          "attributes": {
            "arn": "arn:aws:ec2:ap-south-1:079858837546:subnet/subnet-0bfef8b870afe3228",
            "assign_ipv6_address_on_creation": false,
            "availability_zone": "ap-south-1a",
            "availability_zone_id": "aps1-az1",
            "cidr_block": "10.0.64.0/19",
            "customer_owned_ipv4_pool": "",
            "enable_dns64": false,
            "enable_lni_at_device_index": 0,
            "enable_resource_name_dns_a_record_on_launch": false,
            "enable_resource_name_dns_aaaa_record_on_launch": false,
            "id": "subnet-0bfef8b870afe3228",
            "ipv6_cidr_block": "",
            "ipv6_cidr_block_association_id": "",
            "ipv6_native": false,
            "map_customer_owned_ip_on_launch": false,
            "map_public_ip_on_launch": false,
            "outpost_arn": "",
            "owner_id": "079858837546",
            "private_dns_hostname_type_on_launch": "ip-name",
            "region": "ap-south-1",
            "tags": {
              "Name": "Coding-Cloud-Private-Subnet-1"
            },
            "tags_all": {
              "Name": "Coding-Cloud-Private-Subnet-1"
            },
            "timeouts": null,
            "vpc_id": "vpc-0ed4328f47c53f7bd"
          },
          "sensitive_attributes": [],
          "identity_schema_version": 0,
          "identity": {
            "account_id": "079858837546",
            "id": "subnet-0bfef8b870afe3228",
            "region": "ap-south-1"
          },
          "private": "eyJlMmJmYjczMC1lY2FhLTExZTYtOGY4OC0zNDM2M2JjN2M0YzAiOnsiY3JlYXRlIjo2MDAwMDAwMDAwMDAsImRlbGV0ZSI6MTIwMDAwMDAwMDAwMH0sInNjaGVtYV92ZXJzaW9uIjoiMSJ9",
          "dependencies": [
            "module.vpc.aws_vpc.terra-vpc"
          ]
        }
      ]
    },
    {
      "module": "module.vpc",
      "mode": "managed",
      "type": "aws_subnet",
      "name": "terra-sub-priva-2",
      "provider": "provider[\"registry.terraform.io/hashicorp/aws\"]",
      "instances": [
        {
          "schema_version": 1,
          "attributes": {
            "arn": "arn:aws:ec2:ap-south-1:079858837546:subnet/subnet-0d2a8618c0e660bed",
            "assign_ipv6_address_on_creation": false,
            "availability_zone": "ap-south-1b",
            "availability_zone_id": "aps1-az3",
            "cidr_block": "10.0.96.0/19",
            "customer_owned_ipv4_pool": "",
            "enable_dns64": false,
            "enable_lni_at_device_index": 0,
            "enable_resource_name_dns_a_record_on_launch": false,
            "enable_resource_name_dns_aaaa_record_on_launch": false,
            "id": "subnet-0d2a8618c0e660bed",
            "ipv6_cidr_block": "",
            "ipv6_cidr_block_association_id": "",
            "ipv6_native": false,
            "map_customer_owned_ip_on_launch": false,
            "map_public_ip_on_launch": false,
            "outpost_arn": "",
            "owner_id": "079858837546",
            "private_dns_hostname_type_on_launch": "ip-name",
            "region": "ap-south-1",
            "tags": {
              "Name": "Coding-Cloud-Private-Subnet-2"
            },
            "tags_all": {
              "Name": "Coding-Cloud-Private-Subnet-2"
            },
            "timeouts": null,
            "vpc_id": "vpc-0ed4328f47c53f7bd"
          },
          "sensitive_attributes": [],
          "identity_schema_version": 0,
          "identity": {
            "account_id": "079858837546",
            "id": "subnet-0d2a8618c0e660bed",
            "region": "ap-south-1"
          },
          "private": "eyJlMmJmYjczMC1lY2FhLTExZTYtOGY4OC0zNDM2M2JjN2M0YzAiOnsiY3JlYXRlIjo2MDAwMDAwMDAwMDAsImRlbGV0ZSI6MTIwMDAwMDAwMDAwMH0sInNjaGVtYV92ZXJzaW9uIjoiMSJ9",
          "dependencies": [
            "module.vpc.aws_vpc.terra-vpc"
          ]
        }
      ]
    },
    {
      "module": "module.vpc",
      "mode": "managed",
      "type": "aws_vpc",
      "name": "terra-vpc",
      "provider": "provider[\"registry.terraform.io/hashicorp/aws\"]",
      "instances": [
        {
          "schema_version": 1,
          "attributes": {
            "arn": "arn:aws:ec2:ap-south-1:079858837546:vpc/vpc-0ed4328f47c53f7bd",
            "assign_generated_ipv6_cidr_block": false,
            "cidr_block": "10.0.0.0/16",
            "default_network_acl_id": "acl-015d1da3b3d65a7fd",
            "default_route_table_id": "rtb-0f305cfce3b32f28f",
            "default_security_group_id": "sg-0cecad5c15a150abd",
            "dhcp_options_id": "dopt-002871e397b4bcb79",
            "enable_dns_hostnames": false,
            "enable_dns_support": true,
            "enable_network_address_usage_metrics": false,
            "id": "vpc-0ed4328f47c53f7bd",
            "instance_tenancy": "default",
            "ipv4_ipam_pool_id": null,
            "ipv4_netmask_length": null,
            "ipv6_association_id": "",
            "ipv6_cidr_block": "",
            "ipv6_cidr_block_network_border_group": "",
            "ipv6_ipam_pool_id": "",
            "ipv6_netmask_length": 0,
            "main_route_table_id": "rtb-0f305cfce3b32f28f",
            "owner_id": "079858837546",
            "region": "ap-south-1",
            "tags": {
              "Name": "Coding-Cloud-VPC"
            },
            "tags_all": {
              "Name": "Coding-Cloud-VPC"
            }
          },
          "sensitive_attributes": [],
          "identity_schema_version": 0,
          "identity": {
            "account_id": "079858837546",
            "id": "vpc-0ed4328f47c53f7bd",
            "region": "ap-south-1"
          },
          "private": "eyJzY2hlbWFfdmVyc2lvbiI6IjEifQ=="
        }
      ]
    },
    {
      "module": "module.vpc",
      "mode": "managed",
      "type": "aws_vpc_security_group_egress_rule",
      "name": "sg-alb-egress-all",
      "provider": "provider[\"registry.terraform.io/hashicorp/aws\"]",
      "instances": [
        {
          "schema_version": 0,
          "attributes": {
            "arn": "arn:aws:ec2:ap-south-1:079858837546:security-group-rule/sgr-0ed5c05f845e98c3b",
            "cidr_ipv4": "0.0.0.0/0",
            "cidr_ipv6": null,
            "description": null,
            "from_port": null,
            "id": "sgr-0ed5c05f845e98c3b",
            "ip_protocol": "-1",
            "prefix_list_id": null,
            "referenced_security_group_id": null,
            "region": "ap-south-1",
            "security_group_id": "sg-0a42c7710272b8475",
            "security_group_rule_id": "sgr-0ed5c05f845e98c3b",
            "tags": null,
            "tags_all": {},
            "to_port": null
          },
          "sensitive_attributes": [],
          "identity_schema_version": 0,
          "identity": {
            "account_id": "079858837546",
            "id": "sgr-0ed5c05f845e98c3b",
            "region": "ap-south-1"
          },
          "dependencies": [
            "module.vpc.aws_security_group.sg-alb",
            "module.vpc.aws_vpc.terra-vpc"
          ]
        }
      ]
    },
    {
      "module": "module.vpc",
      "mode": "managed",
      "type": "aws_vpc_security_group_egress_rule",
      "name": "sg-docker-egress-all",
      "provider": "provider[\"registry.terraform.io/hashicorp/aws\"]",
      "instances": [
        {
          "schema_version": 0,
          "attributes": {
            "arn": "arn:aws:ec2:ap-south-1:079858837546:security-group-rule/sgr-0238a326f10662b94",
            "cidr_ipv4": "0.0.0.0/0",
            "cidr_ipv6": null,
            "description": null,
            "from_port": null,
            "id": "sgr-0238a326f10662b94",
            "ip_protocol": "-1",
            "prefix_list_id": null,
            "referenced_security_group_id": null,
            "region": "ap-south-1",
            "security_group_id": "sg-0af88f267fab474a3",
            "security_group_rule_id": "sgr-0238a326f10662b94",
            "tags": null,
            "tags_all": {},
            "to_port": null
          },
          "sensitive_attributes": [],
          "identity_schema_version": 0,
          "identity": {
            "account_id": "079858837546",
            "id": "sgr-0238a326f10662b94",
            "region": "ap-south-1"
          },
          "dependencies": [
            "module.vpc.aws_security_group.sg-docker",
            "module.vpc.aws_vpc.terra-vpc"
          ]
        }
      ]
    },
    {
      "module": "module.vpc",
      "mode": "managed",
      "type": "aws_vpc_security_group_egress_rule",
      "name": "sg-jenkins-egress-all",
      "provider": "provider[\"registry.terraform.io/hashicorp/aws\"]",
      "instances": [
        {
          "schema_version": 0,
          "attributes": {
            "arn": "arn:aws:ec2:ap-south-1:079858837546:security-group-rule/sgr-04987a2b80d5c3d52",
            "cidr_ipv4": "0.0.0.0/0",
            "cidr_ipv6": null,
            "description": null,
            "from_port": null,
            "id": "sgr-04987a2b80d5c3d52",
            "ip_protocol": "-1",
            "prefix_list_id": null,
            "referenced_security_group_id": null,
            "region": "ap-south-1",
            "security_group_id": "sg-00368fbc0b57cfa99",
            "security_group_rule_id": "sgr-04987a2b80d5c3d52",
            "tags": null,
            "tags_all": {},
            "to_port": null
          },
          "sensitive_attributes": [],
          "identity_schema_version": 0,
          "identity": {
            "account_id": "079858837546",
            "id": "sgr-04987a2b80d5c3d52",
            "region": "ap-south-1"
          },
          "dependencies": [
            "module.vpc.aws_security_group.sg-jenkins",
            "module.vpc.aws_vpc.terra-vpc"
          ]
        }
      ]
    },
    {
      "module": "module.vpc",
      "mode": "managed",
      "type": "aws_vpc_security_group_egress_rule",
      "name": "sg-master-egress-all",
      "provider": "provider[\"registry.terraform.io/hashicorp/aws\"]",
      "instances": [
        {
          "schema_version": 0,
          "attributes": {
            "arn": "arn:aws:ec2:ap-south-1:079858837546:security-group-rule/sgr-0b2bda17f6ffbd045",
            "cidr_ipv4": "0.0.0.0/0",
            "cidr_ipv6": null,
            "description": null,
            "from_port": null,
            "id": "sgr-0b2bda17f6ffbd045",
            "ip_protocol": "-1",
            "prefix_list_id": null,
            "referenced_security_group_id": null,
            "region": "ap-south-1",
            "security_group_id": "sg-0e813d40161d54582",
            "security_group_rule_id": "sgr-0b2bda17f6ffbd045",
            "tags": null,
            "tags_all": {},
            "to_port": null
          },
          "sensitive_attributes": [],
          "identity_schema_version": 0,
          "identity": {
            "account_id": "079858837546",
            "id": "sgr-0b2bda17f6ffbd045",
            "region": "ap-south-1"
          },
          "dependencies": [
            "module.vpc.aws_security_group.sg-k8s-master",
            "module.vpc.aws_vpc.terra-vpc"
          ]
        }
      ]
    },
    {
      "module": "module.vpc",
      "mode": "managed",
      "type": "aws_vpc_security_group_egress_rule",
      "name": "sg-rds-egress-all",
      "provider": "provider[\"registry.terraform.io/hashicorp/aws\"]",
      "instances": [
        {
          "schema_version": 0,
          "attributes": {
            "arn": "arn:aws:ec2:ap-south-1:079858837546:security-group-rule/sgr-0498623a5cd0a0e8a",
            "cidr_ipv4": "0.0.0.0/0",
            "cidr_ipv6": null,
            "description": null,
            "from_port": null,
            "id": "sgr-0498623a5cd0a0e8a",
            "ip_protocol": "-1",
            "prefix_list_id": null,
            "referenced_security_group_id": null,
            "region": "ap-south-1",
            "security_group_id": "sg-06b38035215c921ba",
            "security_group_rule_id": "sgr-0498623a5cd0a0e8a",
            "tags": null,
            "tags_all": {},
            "to_port": null
          },
          "sensitive_attributes": [],
          "identity_schema_version": 0,
          "identity": {
            "account_id": "079858837546",
            "id": "sgr-0498623a5cd0a0e8a",
            "region": "ap-south-1"
          },
          "dependencies": [
            "module.vpc.aws_security_group.sg-rds",
            "module.vpc.aws_vpc.terra-vpc"
          ]
        }
      ]
    },
    {
      "module": "module.vpc",
      "mode": "managed",
      "type": "aws_vpc_security_group_egress_rule",
      "name": "sg-worker-egress-all",
      "provider": "provider[\"registry.terraform.io/hashicorp/aws\"]",
      "instances": [
        {
          "schema_version": 0,
          "attributes": {
            "arn": "arn:aws:ec2:ap-south-1:079858837546:security-group-rule/sgr-030d7df0de10eb172",
            "cidr_ipv4": "0.0.0.0/0",
            "cidr_ipv6": null,
            "description": null,
            "from_port": null,
            "id": "sgr-030d7df0de10eb172",
            "ip_protocol": "-1",
            "prefix_list_id": null,
            "referenced_security_group_id": null,
            "region": "ap-south-1",
            "security_group_id": "sg-0073885f9d2b7d40d",
            "security_group_rule_id": "sgr-030d7df0de10eb172",
            "tags": null,
            "tags_all": {},
            "to_port": null
          },
          "sensitive_attributes": [],
          "identity_schema_version": 0,
          "identity": {
            "account_id": "079858837546",
            "id": "sgr-030d7df0de10eb172",
            "region": "ap-south-1"
          },
          "dependencies": [
            "module.vpc.aws_security_group.sg-k8s-worker",
            "module.vpc.aws_vpc.terra-vpc"
          ]
        }
      ]
    },
    {
      "module": "module.vpc",
      "mode": "managed",
      "type": "aws_vpc_security_group_ingress_rule",
      "name": "sg-alb-ingress-http",
      "provider": "provider[\"registry.terraform.io/hashicorp/aws\"]",
      "instances": [
        {
          "schema_version": 0,
          "attributes": {
            "arn": "arn:aws:ec2:ap-south-1:079858837546:security-group-rule/sgr-02e73fea0e696c6cb",
            "cidr_ipv4": "0.0.0.0/0",
            "cidr_ipv6": null,
            "description": null,
            "from_port": 80,
            "id": "sgr-02e73fea0e696c6cb",
            "ip_protocol": "tcp",
            "prefix_list_id": null,
            "referenced_security_group_id": null,
            "region": "ap-south-1",
            "security_group_id": "sg-0a42c7710272b8475",
            "security_group_rule_id": "sgr-02e73fea0e696c6cb",
            "tags": null,
            "tags_all": {},
            "to_port": 80
          },
          "sensitive_attributes": [],
          "identity_schema_version": 0,
          "identity": {
            "account_id": "079858837546",
            "id": "sgr-02e73fea0e696c6cb",
            "region": "ap-south-1"
          },
          "dependencies": [
            "module.vpc.aws_security_group.sg-alb",
            "module.vpc.aws_vpc.terra-vpc"
          ]
        }
      ]
    },
    {
      "module": "module.vpc",
      "mode": "managed",
      "type": "aws_vpc_security_group_ingress_rule",
      "name": "sg-docker-ingress-ssh",
      "provider": "provider[\"registry.terraform.io/hashicorp/aws\"]",
      "instances": [
        {
          "schema_version": 0,
          "attributes": {
            "arn": "arn:aws:ec2:ap-south-1:079858837546:security-group-rule/sgr-0109a1db6d8d99d6c",
            "cidr_ipv4": "0.0.0.0/0",
            "cidr_ipv6": null,
            "description": null,
            "from_port": 22,
            "id": "sgr-0109a1db6d8d99d6c",
            "ip_protocol": "tcp",
            "prefix_list_id": null,
            "referenced_security_group_id": null,
            "region": "ap-south-1",
            "security_group_id": "sg-0af88f267fab474a3",
            "security_group_rule_id": "sgr-0109a1db6d8d99d6c",
            "tags": null,
            "tags_all": {},
            "to_port": 22
          },
          "sensitive_attributes": [],
          "identity_schema_version": 0,
          "identity": {
            "account_id": "079858837546",
            "id": "sgr-0109a1db6d8d99d6c",
            "region": "ap-south-1"
          },
          "dependencies": [
            "module.vpc.aws_security_group.sg-docker",
            "module.vpc.aws_vpc.terra-vpc"
          ]
        }
      ]
    },
    {
      "module": "module.vpc",
      "mode": "managed",
      "type": "aws_vpc_security_group_ingress_rule",
      "name": "sg-jenkins-ingress-8080",
      "provider": "provider[\"registry.terraform.io/hashicorp/aws\"]",
      "instances": [
        {
          "schema_version": 0,
          "attributes": {
            "arn": "arn:aws:ec2:ap-south-1:079858837546:security-group-rule/sgr-095a785be72adff70",
            "cidr_ipv4": "0.0.0.0/0",
            "cidr_ipv6": null,
            "description": null,
            "from_port": 8080,
            "id": "sgr-095a785be72adff70",
            "ip_protocol": "tcp",
            "prefix_list_id": null,
            "referenced_security_group_id": null,
            "region": "ap-south-1",
            "security_group_id": "sg-00368fbc0b57cfa99",
            "security_group_rule_id": "sgr-095a785be72adff70",
            "tags": null,
            "tags_all": {},
            "to_port": 8080
          },
          "sensitive_attributes": [],
          "identity_schema_version": 0,
          "identity": {
            "account_id": "079858837546",
            "id": "sgr-095a785be72adff70",
            "region": "ap-south-1"
          },
          "dependencies": [
            "module.vpc.aws_security_group.sg-jenkins",
            "module.vpc.aws_vpc.terra-vpc"
          ]
        }
      ]
    },
    {
      "module": "module.vpc",
      "mode": "managed",
      "type": "aws_vpc_security_group_ingress_rule",
      "name": "sg-jenkins-ingress-ssh",
      "provider": "provider[\"registry.terraform.io/hashicorp/aws\"]",
      "instances": [
        {
          "schema_version": 0,
          "attributes": {
            "arn": "arn:aws:ec2:ap-south-1:079858837546:security-group-rule/sgr-0509319ea4ae6db14",
            "cidr_ipv4": "0.0.0.0/0",
            "cidr_ipv6": null,
            "description": null,
            "from_port": 22,
            "id": "sgr-0509319ea4ae6db14",
            "ip_protocol": "tcp",
            "prefix_list_id": null,
            "referenced_security_group_id": null,
            "region": "ap-south-1",
            "security_group_id": "sg-00368fbc0b57cfa99",
            "security_group_rule_id": "sgr-0509319ea4ae6db14",
            "tags": null,
            "tags_all": {},
            "to_port": 22
          },
          "sensitive_attributes": [],
          "identity_schema_version": 0,
          "identity": {
            "account_id": "079858837546",
            "id": "sgr-0509319ea4ae6db14",
            "region": "ap-south-1"
          },
          "dependencies": [
            "module.vpc.aws_security_group.sg-jenkins",
            "module.vpc.aws_vpc.terra-vpc"
          ]
        }
      ]
    },
    {
      "module": "module.vpc",
      "mode": "managed",
      "type": "aws_vpc_security_group_ingress_rule",
      "name": "sg-master-ingress-179",
      "provider": "provider[\"registry.terraform.io/hashicorp/aws\"]",
      "instances": [
        {
          "schema_version": 0,
          "attributes": {
            "arn": "arn:aws:ec2:ap-south-1:079858837546:security-group-rule/sgr-0cae6482a9bb013a7",
            "cidr_ipv4": "0.0.0.0/0",
            "cidr_ipv6": null,
            "description": null,
            "from_port": 179,
            "id": "sgr-0cae6482a9bb013a7",
            "ip_protocol": "tcp",
            "prefix_list_id": null,
            "referenced_security_group_id": null,
            "region": "ap-south-1",
            "security_group_id": "sg-0e813d40161d54582",
            "security_group_rule_id": "sgr-0cae6482a9bb013a7",
            "tags": null,
            "tags_all": {},
            "to_port": 179
          },
          "sensitive_attributes": [],
          "identity_schema_version": 0,
          "identity": {
            "account_id": "079858837546",
            "id": "sgr-0cae6482a9bb013a7",
            "region": "ap-south-1"
          },
          "dependencies": [
            "module.vpc.aws_security_group.sg-k8s-master",
            "module.vpc.aws_vpc.terra-vpc"
          ]
        }
      ]
    },
    {
      "module": "module.vpc",
      "mode": "managed",
      "type": "aws_vpc_security_group_ingress_rule",
      "name": "sg-master-ingress-6443",
      "provider": "provider[\"registry.terraform.io/hashicorp/aws\"]",
      "instances": [
        {
          "schema_version": 0,
          "attributes": {
            "arn": "arn:aws:ec2:ap-south-1:079858837546:security-group-rule/sgr-07a9f8de90f49b828",
            "cidr_ipv4": "0.0.0.0/0",
            "cidr_ipv6": null,
            "description": null,
            "from_port": 6443,
            "id": "sgr-07a9f8de90f49b828",
            "ip_protocol": "tcp",
            "prefix_list_id": null,
            "referenced_security_group_id": null,
            "region": "ap-south-1",
            "security_group_id": "sg-0e813d40161d54582",
            "security_group_rule_id": "sgr-07a9f8de90f49b828",
            "tags": null,
            "tags_all": {},
            "to_port": 6443
          },
          "sensitive_attributes": [],
          "identity_schema_version": 0,
          "identity": {
            "account_id": "079858837546",
            "id": "sgr-07a9f8de90f49b828",
            "region": "ap-south-1"
          },
          "dependencies": [
            "module.vpc.aws_security_group.sg-k8s-master",
            "module.vpc.aws_vpc.terra-vpc"
          ]
        }
      ]
    },
    {
      "module": "module.vpc",
      "mode": "managed",
      "type": "aws_vpc_security_group_ingress_rule",
      "name": "sg-master-ingress-ssh",
      "provider": "provider[\"registry.terraform.io/hashicorp/aws\"]",
      "instances": [
        {
          "schema_version": 0,
          "attributes": {
            "arn": "arn:aws:ec2:ap-south-1:079858837546:security-group-rule/sgr-0971359411ba46e4a",
            "cidr_ipv4": "0.0.0.0/0",
            "cidr_ipv6": null,
            "description": null,
            "from_port": 22,
            "id": "sgr-0971359411ba46e4a",
            "ip_protocol": "tcp",
            "prefix_list_id": null,
            "referenced_security_group_id": null,
            "region": "ap-south-1",
            "security_group_id": "sg-0e813d40161d54582",
            "security_group_rule_id": "sgr-0971359411ba46e4a",
            "tags": null,
            "tags_all": {},
            "to_port": 22
          },
          "sensitive_attributes": [],
          "identity_schema_version": 0,
          "identity": {
            "account_id": "079858837546",
            "id": "sgr-0971359411ba46e4a",
            "region": "ap-south-1"
          },
          "dependencies": [
            "module.vpc.aws_security_group.sg-k8s-master",
            "module.vpc.aws_vpc.terra-vpc"
          ]
        }
      ]
    },
    {
      "module": "module.vpc",
      "mode": "managed",
      "type": "aws_vpc_security_group_ingress_rule",
      "name": "sg-rds-ingress-3306",
      "provider": "provider[\"registry.terraform.io/hashicorp/aws\"]",
      "instances": [
        {
          "schema_version": 0,
          "attributes": {
            "arn": "arn:aws:ec2:ap-south-1:079858837546:security-group-rule/sgr-0f40db6f56b01fc73",
            "cidr_ipv4": "0.0.0.0/0",
            "cidr_ipv6": null,
            "description": null,
            "from_port": 3306,
            "id": "sgr-0f40db6f56b01fc73",
            "ip_protocol": "tcp",
            "prefix_list_id": null,
            "referenced_security_group_id": null,
            "region": "ap-south-1",
            "security_group_id": "sg-06b38035215c921ba",
            "security_group_rule_id": "sgr-0f40db6f56b01fc73",
            "tags": null,
            "tags_all": {},
            "to_port": 3306
          },
          "sensitive_attributes": [],
          "identity_schema_version": 0,
          "identity": {
            "account_id": "079858837546",
            "id": "sgr-0f40db6f56b01fc73",
            "region": "ap-south-1"
          },
          "dependencies": [
            "module.vpc.aws_security_group.sg-rds",
            "module.vpc.aws_vpc.terra-vpc"
          ]
        }
      ]
    },
    {
      "module": "module.vpc",
      "mode": "managed",
      "type": "aws_vpc_security_group_ingress_rule",
      "name": "sg-worker-ingress-10250",
      "provider": "provider[\"registry.terraform.io/hashicorp/aws\"]",
      "instances": [
        {
          "schema_version": 0,
          "attributes": {
            "arn": "arn:aws:ec2:ap-south-1:079858837546:security-group-rule/sgr-08b50cc026a4d0f89",
            "cidr_ipv4": "0.0.0.0/0",
            "cidr_ipv6": null,
            "description": null,
            "from_port": 10250,
            "id": "sgr-08b50cc026a4d0f89",
            "ip_protocol": "tcp",
            "prefix_list_id": null,
            "referenced_security_group_id": null,
            "region": "ap-south-1",
            "security_group_id": "sg-0073885f9d2b7d40d",
            "security_group_rule_id": "sgr-08b50cc026a4d0f89",
            "tags": null,
            "tags_all": {},
            "to_port": 10250
          },
          "sensitive_attributes": [],
          "identity_schema_version": 0,
          "identity": {
            "account_id": "079858837546",
            "id": "sgr-08b50cc026a4d0f89",
            "region": "ap-south-1"
          },
          "dependencies": [
            "module.vpc.aws_security_group.sg-k8s-worker",
            "module.vpc.aws_vpc.terra-vpc"
          ]
        }
      ]
    },
    {
      "module": "module.vpc",
      "mode": "managed",
      "type": "aws_vpc_security_group_ingress_rule",
      "name": "sg-worker-ingress-179",
      "provider": "provider[\"registry.terraform.io/hashicorp/aws\"]",
      "instances": [
        {
          "schema_version": 0,
          "attributes": {
            "arn": "arn:aws:ec2:ap-south-1:079858837546:security-group-rule/sgr-012fe0abcc70e767b",
            "cidr_ipv4": "0.0.0.0/0",
            "cidr_ipv6": null,
            "description": null,
            "from_port": 179,
            "id": "sgr-012fe0abcc70e767b",
            "ip_protocol": "tcp",
            "prefix_list_id": null,
            "referenced_security_group_id": null,
            "region": "ap-south-1",
            "security_group_id": "sg-0073885f9d2b7d40d",
            "security_group_rule_id": "sgr-012fe0abcc70e767b",
            "tags": null,
            "tags_all": {},
            "to_port": 179
          },
          "sensitive_attributes": [],
          "identity_schema_version": 0,
          "identity": {
            "account_id": "079858837546",
            "id": "sgr-012fe0abcc70e767b",
            "region": "ap-south-1"
          },
          "dependencies": [
            "module.vpc.aws_security_group.sg-k8s-worker",
            "module.vpc.aws_vpc.terra-vpc"
          ]
        }
      ]
    },
    {
      "module": "module.vpc",
      "mode": "managed",
      "type": "aws_vpc_security_group_ingress_rule",
      "name": "sg-worker-ingress-31000",
      "provider": "provider[\"registry.terraform.io/hashicorp/aws\"]",
      "instances": [
        {
          "schema_version": 0,
          "attributes": {
            "arn": "arn:aws:ec2:ap-south-1:079858837546:security-group-rule/sgr-09d98b5e3b1d9ce95",
            "cidr_ipv4": "0.0.0.0/0",
            "cidr_ipv6": null,
            "description": null,
            "from_port": 31000,
            "id": "sgr-09d98b5e3b1d9ce95",
            "ip_protocol": "tcp",
            "prefix_list_id": null,
            "referenced_security_group_id": null,
            "region": "ap-south-1",
            "security_group_id": "sg-0073885f9d2b7d40d",
            "security_group_rule_id": "sgr-09d98b5e3b1d9ce95",
            "tags": null,
            "tags_all": {},
            "to_port": 31000
          },
          "sensitive_attributes": [],
          "identity_schema_version": 0,
          "identity": {
            "account_id": "079858837546",
            "id": "sgr-09d98b5e3b1d9ce95",
            "region": "ap-south-1"
          },
          "dependencies": [
            "module.vpc.aws_security_group.sg-k8s-worker",
            "module.vpc.aws_vpc.terra-vpc"
          ]
        }
      ]
    },
    {
      "module": "module.vpc",
      "mode": "managed",
      "type": "aws_vpc_security_group_ingress_rule",
      "name": "sg-worker-ingress-ssh",
      "provider": "provider[\"registry.terraform.io/hashicorp/aws\"]",
      "instances": [
        {
          "schema_version": 0,
          "attributes": {
            "arn": "arn:aws:ec2:ap-south-1:079858837546:security-group-rule/sgr-01c0a64093d34c362",
            "cidr_ipv4": "0.0.0.0/0",
            "cidr_ipv6": null,
            "description": null,
            "from_port": 22,
            "id": "sgr-01c0a64093d34c362",
            "ip_protocol": "tcp",
            "prefix_list_id": null,
            "referenced_security_group_id": null,
            "region": "ap-south-1",
            "security_group_id": "sg-0073885f9d2b7d40d",
            "security_group_rule_id": "sgr-01c0a64093d34c362",
            "tags": null,
            "tags_all": {},
            "to_port": 22
          },
          "sensitive_attributes": [],
          "identity_schema_version": 0,
          "identity": {
            "account_id": "079858837546",
            "id": "sgr-01c0a64093d34c362",
            "region": "ap-south-1"
          },
          "dependencies": [
            "module.vpc.aws_security_group.sg-k8s-worker",
            "module.vpc.aws_vpc.terra-vpc"
          ]
        }
      ]
    }
  ],
  "check_results": null
}
