{
  "version": 4,
  "terraform_version": "1.14.8",
  "serial": 36,
  "lineage": "a9123d31-fbce-6c4c-5076-6dd7efeec1fe",
  "outputs": {},
  "resources": [
    {
      "module": "module.vpc",
      "mode": "managed",
      "type": "aws_eip",
      "name": "terra-eip",
      "provider": "provider[\"registry.terraform.io/hashicorp/aws\"]",
      "instances": [
        {
          "schema_version": 0,
          "attributes": {
            "address": null,
            "allocation_id": "eipalloc-0d80e4fba7ad976b6",
            "arn": "arn:aws:ec2:ap-south-1:943418191780:elastic-ip/eipalloc-0d80e4fba7ad976b6",
            "associate_with_private_ip": null,
            "association_id": "",
            "carrier_ip": "",
            "customer_owned_ip": "",
            "customer_owned_ipv4_pool": "",
            "domain": "vpc",
            "id": "eipalloc-0d80e4fba7ad976b6",
            "instance": "",
            "ipam_pool_id": null,
            "network_border_group": "ap-south-1",
            "network_interface": "",
            "private_dns": null,
            "private_ip": "",
            "ptr_record": "",
            "public_dns": "ec2-52-66-130-138.ap-south-1.compute.amazonaws.com",
            "public_ip": "52.66.130.138",
            "public_ipv4_pool": "amazon",
            "region": "ap-south-1",
            "tags": {
              "Name": "NAT-EIP"
            },
            "tags_all": {
              "Name": "NAT-EIP"
            },
            "timeouts": null
          },
          "sensitive_attributes": [],
          "identity_schema_version": 0,
          "private": "eyJlMmJmYjczMC1lY2FhLTExZTYtOGY4OC0zNDM2M2JjN2M0YzAiOnsiZGVsZXRlIjoxODAwMDAwMDAwMDAsInJlYWQiOjkwMDAwMDAwMDAwMCwidXBkYXRlIjozMDAwMDAwMDAwMDB9fQ=="
        }
      ]
    },
    {
      "module": "module.vpc",
      "mode": "managed",
      "type": "aws_internet_gateway",
      "name": "terra-igw",
      "provider": "provider[\"registry.terraform.io/hashicorp/aws\"]",
      "instances": [
        {
          "schema_version": 0,
          "attributes": {
            "arn": "arn:aws:ec2:ap-southeast-1:943418191780:internet-gateway/igw-064f85342173dbfad",
            "id": "igw-064f85342173dbfad",
            "owner_id": "943418191780",
            "region": "ap-southeast-1",
            "tags": {
              "Name": "Coding-Cloud-IGW"
            },
            "tags_all": {
              "Name": "Coding-Cloud-IGW"
            },
            "timeouts": null,
            "vpc_id": "vpc-056990ac331805b92"
          },
          "sensitive_attributes": [],
          "identity_schema_version": 0,
          "private": "eyJlMmJmYjczMC1lY2FhLTExZTYtOGY4OC0zNDM2M2JjN2M0YzAiOnsiY3JlYXRlIjoxMjAwMDAwMDAwMDAwLCJkZWxldGUiOjEyMDAwMDAwMDAwMDAsInVwZGF0ZSI6MTIwMDAwMDAwMDAwMH19",
          "dependencies": [
            "module.vpc.aws_vpc.terra-vpc"
          ]
        }
      ]
    },
    {
      "module": "module.vpc",
      "mode": "managed",
      "type": "aws_route_table",
      "name": "terra-private",
      "provider": "provider[\"registry.terraform.io/hashicorp/aws\"]",
      "instances": [
        {
          "schema_version": 0,
          "attributes": {
            "arn": "arn:aws:ec2:ap-southeast-1:943418191780:route-table/rtb-0ab8d65fce8825a9d",
            "id": "rtb-0ab8d65fce8825a9d",
            "owner_id": "943418191780",
            "propagating_vgws": [],
            "region": "ap-southeast-1",
            "route": [],
            "tags": {
              "Name": "Coding-Cloud-Private-Table"
            },
            "tags_all": {
              "Name": "Coding-Cloud-Private-Table"
            },
            "timeouts": null,
            "vpc_id": "vpc-056990ac331805b92"
          },
          "sensitive_attributes": [],
          "identity_schema_version": 0,
          "identity": {
            "account_id": "943418191780",
            "id": "rtb-0ab8d65fce8825a9d",
            "region": "ap-southeast-1"
          },
          "private": "eyJlMmJmYjczMC1lY2FhLTExZTYtOGY4OC0zNDM2M2JjN2M0YzAiOnsiY3JlYXRlIjozMDAwMDAwMDAwMDAsImRlbGV0ZSI6MzAwMDAwMDAwMDAwLCJ1cGRhdGUiOjEyMDAwMDAwMDAwMH19",
          "dependencies": [
            "module.vpc.aws_vpc.terra-vpc"
          ]
        }
      ]
    },
    {
      "module": "module.vpc",
      "mode": "managed",
      "type": "aws_route_table",
      "name": "terra-public",
      "provider": "provider[\"registry.terraform.io/hashicorp/aws\"]",
      "instances": [
        {
          "schema_version": 0,
          "attributes": {
            "arn": "arn:aws:ec2:ap-southeast-1:943418191780:route-table/rtb-0dda88f0c9cf87551",
            "id": "rtb-0dda88f0c9cf87551",
            "owner_id": "943418191780",
            "propagating_vgws": [],
            "region": "ap-southeast-1",
            "route": [],
            "tags": {
              "Name": "Coding-Cloud-Public-Table"
            },
            "tags_all": {
              "Name": "Coding-Cloud-Public-Table"
            },
            "timeouts": null,
            "vpc_id": "vpc-056990ac331805b92"
          },
          "sensitive_attributes": [],
          "identity_schema_version": 0,
          "identity": {
            "account_id": "943418191780",
            "id": "rtb-0dda88f0c9cf87551",
            "region": "ap-southeast-1"
          },
          "private": "eyJlMmJmYjczMC1lY2FhLTExZTYtOGY4OC0zNDM2M2JjN2M0YzAiOnsiY3JlYXRlIjozMDAwMDAwMDAwMDAsImRlbGV0ZSI6MzAwMDAwMDAwMDAwLCJ1cGRhdGUiOjEyMDAwMDAwMDAwMH19",
          "dependencies": [
            "module.vpc.aws_vpc.terra-vpc"
          ]
        }
      ]
    },
    {
      "module": "module.vpc",
      "mode": "managed",
      "type": "aws_security_group",
      "name": "sg-alb",
      "provider": "provider[\"registry.terraform.io/hashicorp/aws\"]",
      "instances": [
        {
          "schema_version": 1,
          "attributes": {
            "arn": "arn:aws:ec2:ap-southeast-1:943418191780:security-group/sg-068af52aa8ac4e673",
            "description": "Managed by Terraform",
            "egress": [],
            "id": "sg-068af52aa8ac4e673",
            "ingress": [],
            "name": "terraform-20260425044058027500000006",
            "name_prefix": "terraform-",
            "owner_id": "943418191780",
            "region": "ap-southeast-1",
            "revoke_rules_on_delete": false,
            "tags": {
              "Name": "ALB-SG"
            },
            "tags_all": {
              "Name": "ALB-SG"
            },
            "timeouts": null,
            "vpc_id": "vpc-056990ac331805b92"
          },
          "sensitive_attributes": [],
          "identity_schema_version": 0,
          "identity": {
            "account_id": "943418191780",
            "id": "sg-068af52aa8ac4e673",
            "region": "ap-southeast-1"
          },
          "private": "eyJlMmJmYjczMC1lY2FhLTExZTYtOGY4OC0zNDM2M2JjN2M0YzAiOnsiY3JlYXRlIjo2MDAwMDAwMDAwMDAsImRlbGV0ZSI6OTAwMDAwMDAwMDAwfSwic2NoZW1hX3ZlcnNpb24iOiIxIn0=",
          "dependencies": [
            "module.vpc.aws_vpc.terra-vpc"
          ]
        }
      ]
    },
    {
      "module": "module.vpc",
      "mode": "managed",
      "type": "aws_security_group",
      "name": "sg-docker",
      "provider": "provider[\"registry.terraform.io/hashicorp/aws\"]",
      "instances": [
        {
          "schema_version": 1,
          "attributes": {
            "arn": "arn:aws:ec2:ap-southeast-1:943418191780:security-group/sg-0a61c305908f464f8",
            "description": "Managed by Terraform",
            "egress": [],
            "id": "sg-0a61c305908f464f8",
            "ingress": [],
            "name": "terraform-20260425044058027500000005",
            "name_prefix": "terraform-",
            "owner_id": "943418191780",
            "region": "ap-southeast-1",
            "revoke_rules_on_delete": false,
            "tags": {
              "Name": "Docker-SG"
            },
            "tags_all": {
              "Name": "Docker-SG"
            },
            "timeouts": null,
            "vpc_id": "vpc-056990ac331805b92"
          },
          "sensitive_attributes": [],
          "identity_schema_version": 0,
          "identity": {
            "account_id": "943418191780",
            "id": "sg-0a61c305908f464f8",
            "region": "ap-southeast-1"
          },
          "private": "eyJlMmJmYjczMC1lY2FhLTExZTYtOGY4OC0zNDM2M2JjN2M0YzAiOnsiY3JlYXRlIjo2MDAwMDAwMDAwMDAsImRlbGV0ZSI6OTAwMDAwMDAwMDAwfSwic2NoZW1hX3ZlcnNpb24iOiIxIn0=",
          "dependencies": [
            "module.vpc.aws_vpc.terra-vpc"
          ]
        }
      ]
    },
    {
      "module": "module.vpc",
      "mode": "managed",
      "type": "aws_security_group",
      "name": "sg-jenkins",
      "provider": "provider[\"registry.terraform.io/hashicorp/aws\"]",
      "instances": [
        {
          "schema_version": 1,
          "attributes": {
            "arn": "arn:aws:ec2:ap-southeast-1:943418191780:security-group/sg-0217f4f166685f9aa",
            "description": "Managed by Terraform",
            "egress": [],
            "id": "sg-0217f4f166685f9aa",
            "ingress": [],
            "name": "terraform-20260425044058026300000004",
            "name_prefix": "terraform-",
            "owner_id": "943418191780",
            "region": "ap-southeast-1",
            "revoke_rules_on_delete": false,
            "tags": {
              "Name": "Jenkins-Master-SG"
            },
            "tags_all": {
              "Name": "Jenkins-Master-SG"
            },
            "timeouts": null,
            "vpc_id": "vpc-056990ac331805b92"
          },
          "sensitive_attributes": [],
          "identity_schema_version": 0,
          "identity": {
            "account_id": "943418191780",
            "id": "sg-0217f4f166685f9aa",
            "region": "ap-southeast-1"
          },
          "private": "eyJlMmJmYjczMC1lY2FhLTExZTYtOGY4OC0zNDM2M2JjN2M0YzAiOnsiY3JlYXRlIjo2MDAwMDAwMDAwMDAsImRlbGV0ZSI6OTAwMDAwMDAwMDAwfSwic2NoZW1hX3ZlcnNpb24iOiIxIn0=",
          "dependencies": [
            "module.vpc.aws_vpc.terra-vpc"
          ]
        }
      ]
    },
    {
      "module": "module.vpc",
      "mode": "managed",
      "type": "aws_security_group",
      "name": "sg-k8s-master",
      "provider": "provider[\"registry.terraform.io/hashicorp/aws\"]",
      "instances": [
        {
          "schema_version": 1,
          "attributes": {
            "arn": "arn:aws:ec2:ap-southeast-1:943418191780:security-group/sg-08bdc49a70a758fe3",
            "description": "Managed by Terraform",
            "egress": [],
            "id": "sg-08bdc49a70a758fe3",
            "ingress": [],
            "name": "terraform-20260425044058382200000008",
            "name_prefix": "terraform-",
            "owner_id": "943418191780",
            "region": "ap-southeast-1",
            "revoke_rules_on_delete": false,
            "tags": {
              "Name": "K8s-Master-SG"
            },
            "tags_all": {
              "Name": "K8s-Master-SG"
            },
            "timeouts": null,
            "vpc_id": "vpc-056990ac331805b92"
          },
          "sensitive_attributes": [],
          "identity_schema_version": 0,
          "identity": {
            "account_id": "943418191780",
            "id": "sg-08bdc49a70a758fe3",
            "region": "ap-southeast-1"
          },
          "private": "eyJlMmJmYjczMC1lY2FhLTExZTYtOGY4OC0zNDM2M2JjN2M0YzAiOnsiY3JlYXRlIjo2MDAwMDAwMDAwMDAsImRlbGV0ZSI6OTAwMDAwMDAwMDAwfSwic2NoZW1hX3ZlcnNpb24iOiIxIn0=",
          "dependencies": [
            "module.vpc.aws_vpc.terra-vpc"
          ]
        }
      ]
    },
    {
      "module": "module.vpc",
      "mode": "managed",
      "type": "aws_security_group",
      "name": "sg-k8s-worker",
      "provider": "provider[\"registry.terraform.io/hashicorp/aws\"]",
      "instances": [
        {
          "schema_version": 1,
          "attributes": {
            "arn": "arn:aws:ec2:ap-southeast-1:943418191780:security-group/sg-08f61a013730e493b",
            "description": "Managed by Terraform",
            "egress": [],
            "id": "sg-08f61a013730e493b",
            "ingress": [],
            "name": "terraform-20260425044058024500000002",
            "name_prefix": "terraform-",
            "owner_id": "943418191780",
            "region": "ap-southeast-1",
            "revoke_rules_on_delete": false,
            "tags": {
              "Name": "K8s-Worker-SG"
            },
            "tags_all": {
              "Name": "K8s-Worker-SG"
            },
            "timeouts": null,
            "vpc_id": "vpc-056990ac331805b92"
          },
          "sensitive_attributes": [],
          "identity_schema_version": 0,
          "identity": {
            "account_id": "943418191780",
            "id": "sg-08f61a013730e493b",
            "region": "ap-southeast-1"
          },
          "private": "eyJlMmJmYjczMC1lY2FhLTExZTYtOGY4OC0zNDM2M2JjN2M0YzAiOnsiY3JlYXRlIjo2MDAwMDAwMDAwMDAsImRlbGV0ZSI6OTAwMDAwMDAwMDAwfSwic2NoZW1hX3ZlcnNpb24iOiIxIn0=",
          "dependencies": [
            "module.vpc.aws_vpc.terra-vpc"
          ]
        }
      ]
    },
    {
      "module": "module.vpc",
      "mode": "managed",
      "type": "aws_security_group",
      "name": "sg-rds",
      "provider": "provider[\"registry.terraform.io/hashicorp/aws\"]",
      "instances": [
        {
          "schema_version": 1,
          "attributes": {
            "arn": "arn:aws:ec2:ap-southeast-1:943418191780:security-group/sg-064aca47e878d4ddd",
            "description": "Managed by Terraform",
            "egress": [],
            "id": "sg-064aca47e878d4ddd",
            "ingress": [],
            "name": "terraform-20260425044058381700000007",
            "name_prefix": "terraform-",
            "owner_id": "943418191780",
            "region": "ap-southeast-1",
            "revoke_rules_on_delete": false,
            "tags": {
              "Name": "RDS-SG"
            },
            "tags_all": {
              "Name": "RDS-SG"
            },
            "timeouts": null,
            "vpc_id": "vpc-056990ac331805b92"
          },
          "sensitive_attributes": [],
          "identity_schema_version": 0,
          "identity": {
            "account_id": "943418191780",
            "id": "sg-064aca47e878d4ddd",
            "region": "ap-southeast-1"
          },
          "private": "eyJlMmJmYjczMC1lY2FhLTExZTYtOGY4OC0zNDM2M2JjN2M0YzAiOnsiY3JlYXRlIjo2MDAwMDAwMDAwMDAsImRlbGV0ZSI6OTAwMDAwMDAwMDAwfSwic2NoZW1hX3ZlcnNpb24iOiIxIn0=",
          "dependencies": [
            "module.vpc.aws_vpc.terra-vpc"
          ]
        }
      ]
    },
    {
      "module": "module.vpc",
      "mode": "managed",
      "type": "aws_vpc",
      "name": "terra-vpc",
      "provider": "provider[\"registry.terraform.io/hashicorp/aws\"]",
      "instances": [
        {
          "schema_version": 1,
          "attributes": {
            "arn": "arn:aws:ec2:ap-southeast-1:943418191780:vpc/vpc-056990ac331805b92",
            "assign_generated_ipv6_cidr_block": false,
            "cidr_block": "10.0.0.0/16",
            "default_network_acl_id": "acl-08f7a4691942b6cc1",
            "default_route_table_id": "rtb-0ded11d1b32bff602",
            "default_security_group_id": "sg-07626c04a6792f3ea",
            "dhcp_options_id": "dopt-084bbf592d0fc34b8",
            "enable_dns_hostnames": false,
            "enable_dns_support": true,
            "enable_network_address_usage_metrics": false,
            "id": "vpc-056990ac331805b92",
            "instance_tenancy": "default",
            "ipv4_ipam_pool_id": null,
            "ipv4_netmask_length": null,
            "ipv6_association_id": "",
            "ipv6_cidr_block": "",
            "ipv6_cidr_block_network_border_group": "",
            "ipv6_ipam_pool_id": "",
            "ipv6_netmask_length": 0,
            "main_route_table_id": "rtb-0ded11d1b32bff602",
            "owner_id": "943418191780",
            "region": "ap-southeast-1",
            "tags": {
              "Name": "Coding-Cloud-VPC"
            },
            "tags_all": {
              "Name": "Coding-Cloud-VPC"
            }
          },
          "sensitive_attributes": [],
          "identity_schema_version": 0,
          "identity": {
            "account_id": "943418191780",
            "id": "vpc-056990ac331805b92",
            "region": "ap-southeast-1"
          },
          "private": "eyJzY2hlbWFfdmVyc2lvbiI6IjEifQ=="
        }
      ]
    },
    {
      "module": "module.vpc",
      "mode": "managed",
      "type": "aws_vpc_security_group_egress_rule",
      "name": "sg-alb-egress-all",
      "provider": "provider[\"registry.terraform.io/hashicorp/aws\"]",
      "instances": [
        {
          "schema_version": 0,
          "attributes": {
            "arn": "arn:aws:ec2:ap-southeast-1:943418191780:security-group-rule/sgr-043a014d297624f98",
            "cidr_ipv4": "0.0.0.0/0",
            "cidr_ipv6": null,
            "description": null,
            "from_port": null,
            "id": "sgr-043a014d297624f98",
            "ip_protocol": "-1",
            "prefix_list_id": null,
            "referenced_security_group_id": null,
            "region": "ap-southeast-1",
            "security_group_id": "sg-068af52aa8ac4e673",
            "security_group_rule_id": "sgr-043a014d297624f98",
            "tags": null,
            "tags_all": {},
            "to_port": null
          },
          "sensitive_attributes": [],
          "identity_schema_version": 0,
          "identity": {
            "account_id": "943418191780",
            "id": "sgr-043a014d297624f98",
            "region": "ap-southeast-1"
          },
          "dependencies": [
            "module.vpc.aws_security_group.sg-alb",
            "module.vpc.aws_vpc.terra-vpc"
          ]
        }
      ]
    },
    {
      "module": "module.vpc",
      "mode": "managed",
      "type": "aws_vpc_security_group_egress_rule",
      "name": "sg-docker-egress-all",
      "provider": "provider[\"registry.terraform.io/hashicorp/aws\"]",
      "instances": [
        {
          "schema_version": 0,
          "attributes": {
            "arn": "arn:aws:ec2:ap-southeast-1:943418191780:security-group-rule/sgr-09e3fe2a4a6abb6ee",
            "cidr_ipv4": "0.0.0.0/0",
            "cidr_ipv6": null,
            "description": null,
            "from_port": null,
            "id": "sgr-09e3fe2a4a6abb6ee",
            "ip_protocol": "-1",
            "prefix_list_id": null,
            "referenced_security_group_id": null,
            "region": "ap-southeast-1",
            "security_group_id": "sg-0a61c305908f464f8",
            "security_group_rule_id": "sgr-09e3fe2a4a6abb6ee",
            "tags": null,
            "tags_all": {},
            "to_port": null
          },
          "sensitive_attributes": [],
          "identity_schema_version": 0,
          "identity": {
            "account_id": "943418191780",
            "id": "sgr-09e3fe2a4a6abb6ee",
            "region": "ap-southeast-1"
          },
          "dependencies": [
            "module.vpc.aws_security_group.sg-docker",
            "module.vpc.aws_vpc.terra-vpc"
          ]
        }
      ]
    },
    {
      "module": "module.vpc",
      "mode": "managed",
      "type": "aws_vpc_security_group_egress_rule",
      "name": "sg-jenkins-egress-all",
      "provider": "provider[\"registry.terraform.io/hashicorp/aws\"]",
      "instances": [
        {
          "schema_version": 0,
          "attributes": {
            "arn": "arn:aws:ec2:ap-southeast-1:943418191780:security-group-rule/sgr-0ea89e2937556ca3f",
            "cidr_ipv4": "0.0.0.0/0",
            "cidr_ipv6": null,
            "description": null,
            "from_port": null,
            "id": "sgr-0ea89e2937556ca3f",
            "ip_protocol": "-1",
            "prefix_list_id": null,
            "referenced_security_group_id": null,
            "region": "ap-southeast-1",
            "security_group_id": "sg-0217f4f166685f9aa",
            "security_group_rule_id": "sgr-0ea89e2937556ca3f",
            "tags": null,
            "tags_all": {},
            "to_port": null
          },
          "sensitive_attributes": [],
          "identity_schema_version": 0,
          "identity": {
            "account_id": "943418191780",
            "id": "sgr-0ea89e2937556ca3f",
            "region": "ap-southeast-1"
          },
          "dependencies": [
            "module.vpc.aws_security_group.sg-jenkins",
            "module.vpc.aws_vpc.terra-vpc"
          ]
        }
      ]
    },
    {
      "module": "module.vpc",
      "mode": "managed",
      "type": "aws_vpc_security_group_egress_rule",
      "name": "sg-master-egress-all",
      "provider": "provider[\"registry.terraform.io/hashicorp/aws\"]",
      "instances": [
        {
          "schema_version": 0,
          "attributes": {
            "arn": "arn:aws:ec2:ap-southeast-1:943418191780:security-group-rule/sgr-0d74552a623936ab0",
            "cidr_ipv4": "0.0.0.0/0",
            "cidr_ipv6": null,
            "description": null,
            "from_port": null,
            "id": "sgr-0d74552a623936ab0",
            "ip_protocol": "-1",
            "prefix_list_id": null,
            "referenced_security_group_id": null,
            "region": "ap-southeast-1",
            "security_group_id": "sg-08bdc49a70a758fe3",
            "security_group_rule_id": "sgr-0d74552a623936ab0",
            "tags": null,
            "tags_all": {},
            "to_port": null
          },
          "sensitive_attributes": [],
          "identity_schema_version": 0,
          "identity": {
            "account_id": "943418191780",
            "id": "sgr-0d74552a623936ab0",
            "region": "ap-southeast-1"
          },
          "dependencies": [
            "module.vpc.aws_security_group.sg-k8s-master",
            "module.vpc.aws_vpc.terra-vpc"
          ]
        }
      ]
    },
    {
      "module": "module.vpc",
      "mode": "managed",
      "type": "aws_vpc_security_group_egress_rule",
      "name": "sg-rds-egress-all",
      "provider": "provider[\"registry.terraform.io/hashicorp/aws\"]",
      "instances": [
        {
          "schema_version": 0,
          "attributes": {
            "arn": "arn:aws:ec2:ap-southeast-1:943418191780:security-group-rule/sgr-0cc073f4703baecc5",
            "cidr_ipv4": "0.0.0.0/0",
            "cidr_ipv6": null,
            "description": null,
            "from_port": null,
            "id": "sgr-0cc073f4703baecc5",
            "ip_protocol": "-1",
            "prefix_list_id": null,
            "referenced_security_group_id": null,
            "region": "ap-southeast-1",
            "security_group_id": "sg-064aca47e878d4ddd",
            "security_group_rule_id": "sgr-0cc073f4703baecc5",
            "tags": null,
            "tags_all": {},
            "to_port": null
          },
          "sensitive_attributes": [],
          "identity_schema_version": 0,
          "identity": {
            "account_id": "943418191780",
            "id": "sgr-0cc073f4703baecc5",
            "region": "ap-southeast-1"
          },
          "dependencies": [
            "module.vpc.aws_security_group.sg-rds",
            "module.vpc.aws_vpc.terra-vpc"
          ]
        }
      ]
    },
    {
      "module": "module.vpc",
      "mode": "managed",
      "type": "aws_vpc_security_group_egress_rule",
      "name": "sg-worker-egress-all",
      "provider": "provider[\"registry.terraform.io/hashicorp/aws\"]",
      "instances": [
        {
          "schema_version": 0,
          "attributes": {
            "arn": "arn:aws:ec2:ap-southeast-1:943418191780:security-group-rule/sgr-034c84fd038c5f45c",
            "cidr_ipv4": "0.0.0.0/0",
            "cidr_ipv6": null,
            "description": null,
            "from_port": null,
            "id": "sgr-034c84fd038c5f45c",
            "ip_protocol": "-1",
            "prefix_list_id": null,
            "referenced_security_group_id": null,
            "region": "ap-southeast-1",
            "security_group_id": "sg-08f61a013730e493b",
            "security_group_rule_id": "sgr-034c84fd038c5f45c",
            "tags": null,
            "tags_all": {},
            "to_port": null
          },
          "sensitive_attributes": [],
          "identity_schema_version": 0,
          "identity": {
            "account_id": "943418191780",
            "id": "sgr-034c84fd038c5f45c",
            "region": "ap-southeast-1"
          },
          "dependencies": [
            "module.vpc.aws_security_group.sg-k8s-worker",
            "module.vpc.aws_vpc.terra-vpc"
          ]
        }
      ]
    },
    {
      "module": "module.vpc",
      "mode": "managed",
      "type": "aws_vpc_security_group_ingress_rule",
      "name": "sg-alb-ingress-http",
      "provider": "provider[\"registry.terraform.io/hashicorp/aws\"]",
      "instances": [
        {
          "schema_version": 0,
          "attributes": {
            "arn": "arn:aws:ec2:ap-southeast-1:943418191780:security-group-rule/sgr-0151bcaa8a91d824f",
            "cidr_ipv4": "0.0.0.0/0",
            "cidr_ipv6": null,
            "description": null,
            "from_port": 80,
            "id": "sgr-0151bcaa8a91d824f",
            "ip_protocol": "tcp",
            "prefix_list_id": null,
            "referenced_security_group_id": null,
            "region": "ap-southeast-1",
            "security_group_id": "sg-068af52aa8ac4e673",
            "security_group_rule_id": "sgr-0151bcaa8a91d824f",
            "tags": null,
            "tags_all": {},
            "to_port": 80
          },
          "sensitive_attributes": [],
          "identity_schema_version": 0,
          "identity": {
            "account_id": "943418191780",
            "id": "sgr-0151bcaa8a91d824f",
            "region": "ap-southeast-1"
          },
          "dependencies": [
            "module.vpc.aws_security_group.sg-alb",
            "module.vpc.aws_vpc.terra-vpc"
          ]
        }
      ]
    },
    {
      "module": "module.vpc",
      "mode": "managed",
      "type": "aws_vpc_security_group_ingress_rule",
      "name": "sg-docker-ingress-ssh",
      "provider": "provider[\"registry.terraform.io/hashicorp/aws\"]",
      "instances": [
        {
          "schema_version": 0,
          "attributes": {
            "arn": "arn:aws:ec2:ap-southeast-1:943418191780:security-group-rule/sgr-01aed619bdd2e9eff",
            "cidr_ipv4": "0.0.0.0/0",
            "cidr_ipv6": null,
            "description": null,
            "from_port": 22,
            "id": "sgr-01aed619bdd2e9eff",
            "ip_protocol": "tcp",
            "prefix_list_id": null,
            "referenced_security_group_id": null,
            "region": "ap-southeast-1",
            "security_group_id": "sg-0a61c305908f464f8",
            "security_group_rule_id": "sgr-01aed619bdd2e9eff",
            "tags": null,
            "tags_all": {},
            "to_port": 22
          },
          "sensitive_attributes": [],
          "identity_schema_version": 0,
          "identity": {
            "account_id": "943418191780",
            "id": "sgr-01aed619bdd2e9eff",
            "region": "ap-southeast-1"
          },
          "dependencies": [
            "module.vpc.aws_security_group.sg-docker",
            "module.vpc.aws_vpc.terra-vpc"
          ]
        }
      ]
    },
    {
      "module": "module.vpc",
      "mode": "managed",
      "type": "aws_vpc_security_group_ingress_rule",
      "name": "sg-jenkins-ingress-8080",
      "provider": "provider[\"registry.terraform.io/hashicorp/aws\"]",
      "instances": [
        {
          "schema_version": 0,
          "attributes": {
            "arn": "arn:aws:ec2:ap-southeast-1:943418191780:security-group-rule/sgr-0b37db62cc336817b",
            "cidr_ipv4": "0.0.0.0/0",
            "cidr_ipv6": null,
            "description": null,
            "from_port": 8080,
            "id": "sgr-0b37db62cc336817b",
            "ip_protocol": "tcp",
            "prefix_list_id": null,
            "referenced_security_group_id": null,
            "region": "ap-southeast-1",
            "security_group_id": "sg-0217f4f166685f9aa",
            "security_group_rule_id": "sgr-0b37db62cc336817b",
            "tags": null,
            "tags_all": {},
            "to_port": 8080
          },
          "sensitive_attributes": [],
          "identity_schema_version": 0,
          "identity": {
            "account_id": "943418191780",
            "id": "sgr-0b37db62cc336817b",
            "region": "ap-southeast-1"
          },
          "dependencies": [
            "module.vpc.aws_security_group.sg-jenkins",
            "module.vpc.aws_vpc.terra-vpc"
          ]
        }
      ]
    },
    {
      "module": "module.vpc",
      "mode": "managed",
      "type": "aws_vpc_security_group_ingress_rule",
      "name": "sg-jenkins-ingress-ssh",
      "provider": "provider[\"registry.terraform.io/hashicorp/aws\"]",
      "instances": [
        {
          "schema_version": 0,
          "attributes": {
            "arn": "arn:aws:ec2:ap-southeast-1:943418191780:security-group-rule/sgr-06ba114ed524e9074",
            "cidr_ipv4": "0.0.0.0/0",
            "cidr_ipv6": null,
            "description": null,
            "from_port": 22,
            "id": "sgr-06ba114ed524e9074",
            "ip_protocol": "tcp",
            "prefix_list_id": null,
            "referenced_security_group_id": null,
            "region": "ap-southeast-1",
            "security_group_id": "sg-0217f4f166685f9aa",
            "security_group_rule_id": "sgr-06ba114ed524e9074",
            "tags": null,
            "tags_all": {},
            "to_port": 22
          },
          "sensitive_attributes": [],
          "identity_schema_version": 0,
          "identity": {
            "account_id": "943418191780",
            "id": "sgr-06ba114ed524e9074",
            "region": "ap-southeast-1"
          },
          "dependencies": [
            "module.vpc.aws_security_group.sg-jenkins",
            "module.vpc.aws_vpc.terra-vpc"
          ]
        }
      ]
    },
    {
      "module": "module.vpc",
      "mode": "managed",
      "type": "aws_vpc_security_group_ingress_rule",
      "name": "sg-master-ingress-179",
      "provider": "provider[\"registry.terraform.io/hashicorp/aws\"]",
      "instances": [
        {
          "schema_version": 0,
          "attributes": {
            "arn": "arn:aws:ec2:ap-southeast-1:943418191780:security-group-rule/sgr-08d9852b3476f2ef2",
            "cidr_ipv4": "0.0.0.0/0",
            "cidr_ipv6": null,
            "description": null,
            "from_port": 179,
            "id": "sgr-08d9852b3476f2ef2",
            "ip_protocol": "tcp",
            "prefix_list_id": null,
            "referenced_security_group_id": null,
            "region": "ap-southeast-1",
            "security_group_id": "sg-08bdc49a70a758fe3",
            "security_group_rule_id": "sgr-08d9852b3476f2ef2",
            "tags": null,
            "tags_all": {},
            "to_port": 179
          },
          "sensitive_attributes": [],
          "identity_schema_version": 0,
          "identity": {
            "account_id": "943418191780",
            "id": "sgr-08d9852b3476f2ef2",
            "region": "ap-southeast-1"
          },
          "dependencies": [
            "module.vpc.aws_security_group.sg-k8s-master",
            "module.vpc.aws_vpc.terra-vpc"
          ]
        }
      ]
    },
    {
      "module": "module.vpc",
      "mode": "managed",
      "type": "aws_vpc_security_group_ingress_rule",
      "name": "sg-master-ingress-6443",
      "provider": "provider[\"registry.terraform.io/hashicorp/aws\"]",
      "instances": [
        {
          "schema_version": 0,
          "attributes": {
            "arn": "arn:aws:ec2:ap-southeast-1:943418191780:security-group-rule/sgr-06e3bff7fa45aacb7",
            "cidr_ipv4": "0.0.0.0/0",
            "cidr_ipv6": null,
            "description": null,
            "from_port": 6443,
            "id": "sgr-06e3bff7fa45aacb7",
            "ip_protocol": "tcp",
            "prefix_list_id": null,
            "referenced_security_group_id": null,
            "region": "ap-southeast-1",
            "security_group_id": "sg-08bdc49a70a758fe3",
            "security_group_rule_id": "sgr-06e3bff7fa45aacb7",
            "tags": null,
            "tags_all": {},
            "to_port": 6443
          },
          "sensitive_attributes": [],
          "identity_schema_version": 0,
          "identity": {
            "account_id": "943418191780",
            "id": "sgr-06e3bff7fa45aacb7",
            "region": "ap-southeast-1"
          },
          "dependencies": [
            "module.vpc.aws_security_group.sg-k8s-master",
            "module.vpc.aws_vpc.terra-vpc"
          ]
        }
      ]
    },
    {
      "module": "module.vpc",
      "mode": "managed",
      "type": "aws_vpc_security_group_ingress_rule",
      "name": "sg-master-ingress-all-from-worker",
      "provider": "provider[\"registry.terraform.io/hashicorp/aws\"]",
      "instances": [
        {
          "schema_version": 0,
          "attributes": {
            "arn": "arn:aws:ec2:ap-southeast-1:943418191780:security-group-rule/sgr-0de3cf571f65af5f5",
            "cidr_ipv4": null,
            "cidr_ipv6": null,
            "description": null,
            "from_port": null,
            "id": "sgr-0de3cf571f65af5f5",
            "ip_protocol": "-1",
            "prefix_list_id": null,
            "referenced_security_group_id": "sg-08f61a013730e493b",
            "region": "ap-southeast-1",
            "security_group_id": "sg-08bdc49a70a758fe3",
            "security_group_rule_id": "sgr-0de3cf571f65af5f5",
            "tags": null,
            "tags_all": {},
            "to_port": null
          },
          "sensitive_attributes": [],
          "identity_schema_version": 0,
          "identity": {
            "account_id": "943418191780",
            "id": "sgr-0de3cf571f65af5f5",
            "region": "ap-southeast-1"
          },
          "dependencies": [
            "module.vpc.aws_security_group.sg-k8s-master",
            "module.vpc.aws_security_group.sg-k8s-worker",
            "module.vpc.aws_vpc.terra-vpc"
          ]
        }
      ]
    },
    {
      "module": "module.vpc",
      "mode": "managed",
      "type": "aws_vpc_security_group_ingress_rule",
      "name": "sg-master-ingress-ssh",
      "provider": "provider[\"registry.terraform.io/hashicorp/aws\"]",
      "instances": [
        {
          "schema_version": 0,
          "attributes": {
            "arn": "arn:aws:ec2:ap-southeast-1:943418191780:security-group-rule/sgr-0624513409fab3e0a",
            "cidr_ipv4": "0.0.0.0/0",
            "cidr_ipv6": null,
            "description": null,
            "from_port": 22,
            "id": "sgr-0624513409fab3e0a",
            "ip_protocol": "tcp",
            "prefix_list_id": null,
            "referenced_security_group_id": null,
            "region": "ap-southeast-1",
            "security_group_id": "sg-08bdc49a70a758fe3",
            "security_group_rule_id": "sgr-0624513409fab3e0a",
            "tags": null,
            "tags_all": {},
            "to_port": 22
          },
          "sensitive_attributes": [],
          "identity_schema_version": 0,
          "identity": {
            "account_id": "943418191780",
            "id": "sgr-0624513409fab3e0a",
            "region": "ap-southeast-1"
          },
          "dependencies": [
            "module.vpc.aws_security_group.sg-k8s-master",
            "module.vpc.aws_vpc.terra-vpc"
          ]
        }
      ]
    },
    {
      "module": "module.vpc",
      "mode": "managed",
      "type": "aws_vpc_security_group_ingress_rule",
      "name": "sg-rds-ingress-3306",
      "provider": "provider[\"registry.terraform.io/hashicorp/aws\"]",
      "instances": [
        {
          "schema_version": 0,
          "attributes": {
            "arn": "arn:aws:ec2:ap-southeast-1:943418191780:security-group-rule/sgr-0950a1999e4688882",
            "cidr_ipv4": "0.0.0.0/0",
            "cidr_ipv6": null,
            "description": null,
            "from_port": 3306,
            "id": "sgr-0950a1999e4688882",
            "ip_protocol": "tcp",
            "prefix_list_id": null,
            "referenced_security_group_id": null,
            "region": "ap-southeast-1",
            "security_group_id": "sg-064aca47e878d4ddd",
            "security_group_rule_id": "sgr-0950a1999e4688882",
            "tags": null,
            "tags_all": {},
            "to_port": 3306
          },
          "sensitive_attributes": [],
          "identity_schema_version": 0,
          "identity": {
            "account_id": "943418191780",
            "id": "sgr-0950a1999e4688882",
            "region": "ap-southeast-1"
          },
          "dependencies": [
            "module.vpc.aws_security_group.sg-rds",
            "module.vpc.aws_vpc.terra-vpc"
          ]
        }
      ]
    },
    {
      "module": "module.vpc",
      "mode": "managed",
      "type": "aws_vpc_security_group_ingress_rule",
      "name": "sg-worker-ingress-10250",
      "provider": "provider[\"registry.terraform.io/hashicorp/aws\"]",
      "instances": [
        {
          "schema_version": 0,
          "attributes": {
            "arn": "arn:aws:ec2:ap-southeast-1:943418191780:security-group-rule/sgr-0772fee6f5a4ba9d7",
            "cidr_ipv4": "0.0.0.0/0",
            "cidr_ipv6": null,
            "description": null,
            "from_port": 10250,
            "id": "sgr-0772fee6f5a4ba9d7",
            "ip_protocol": "tcp",
            "prefix_list_id": null,
            "referenced_security_group_id": null,
            "region": "ap-southeast-1",
            "security_group_id": "sg-08f61a013730e493b",
            "security_group_rule_id": "sgr-0772fee6f5a4ba9d7",
            "tags": null,
            "tags_all": {},
            "to_port": 10250
          },
          "sensitive_attributes": [],
          "identity_schema_version": 0,
          "identity": {
            "account_id": "943418191780",
            "id": "sgr-0772fee6f5a4ba9d7",
            "region": "ap-southeast-1"
          },
          "dependencies": [
            "module.vpc.aws_security_group.sg-k8s-worker",
            "module.vpc.aws_vpc.terra-vpc"
          ]
        }
      ]
    },
    {
      "module": "module.vpc",
      "mode": "managed",
      "type": "aws_vpc_security_group_ingress_rule",
      "name": "sg-worker-ingress-179",
      "provider": "provider[\"registry.terraform.io/hashicorp/aws\"]",
      "instances": [
        {
          "schema_version": 0,
          "attributes": {
            "arn": "arn:aws:ec2:ap-southeast-1:943418191780:security-group-rule/sgr-010e21ac5c7ebe0e7",
            "cidr_ipv4": "0.0.0.0/0",
            "cidr_ipv6": null,
            "description": null,
            "from_port": 179,
            "id": "sgr-010e21ac5c7ebe0e7",
            "ip_protocol": "tcp",
            "prefix_list_id": null,
            "referenced_security_group_id": null,
            "region": "ap-southeast-1",
            "security_group_id": "sg-08f61a013730e493b",
            "security_group_rule_id": "sgr-010e21ac5c7ebe0e7",
            "tags": null,
            "tags_all": {},
            "to_port": 179
          },
          "sensitive_attributes": [],
          "identity_schema_version": 0,
          "identity": {
            "account_id": "943418191780",
            "id": "sgr-010e21ac5c7ebe0e7",
            "region": "ap-southeast-1"
          },
          "dependencies": [
            "module.vpc.aws_security_group.sg-k8s-worker",
            "module.vpc.aws_vpc.terra-vpc"
          ]
        }
      ]
    },
    {
      "module": "module.vpc",
      "mode": "managed",
      "type": "aws_vpc_security_group_ingress_rule",
      "name": "sg-worker-ingress-31000",
      "provider": "provider[\"registry.terraform.io/hashicorp/aws\"]",
      "instances": [
        {
          "schema_version": 0,
          "attributes": {
            "arn": "arn:aws:ec2:ap-southeast-1:943418191780:security-group-rule/sgr-0fafdb882e035f8c5",
            "cidr_ipv4": "0.0.0.0/0",
            "cidr_ipv6": null,
            "description": null,
            "from_port": 31000,
            "id": "sgr-0fafdb882e035f8c5",
            "ip_protocol": "tcp",
            "prefix_list_id": null,
            "referenced_security_group_id": null,
            "region": "ap-southeast-1",
            "security_group_id": "sg-08f61a013730e493b",
            "security_group_rule_id": "sgr-0fafdb882e035f8c5",
            "tags": null,
            "tags_all": {},
            "to_port": 31000
          },
          "sensitive_attributes": [],
          "identity_schema_version": 0,
          "identity": {
            "account_id": "943418191780",
            "id": "sgr-0fafdb882e035f8c5",
            "region": "ap-southeast-1"
          },
          "dependencies": [
            "module.vpc.aws_security_group.sg-k8s-worker",
            "module.vpc.aws_vpc.terra-vpc"
          ]
        }
      ]
    },
    {
      "module": "module.vpc",
      "mode": "managed",
      "type": "aws_vpc_security_group_ingress_rule",
      "name": "sg-worker-ingress-all-from-master",
      "provider": "provider[\"registry.terraform.io/hashicorp/aws\"]",
      "instances": [
        {
          "schema_version": 0,
          "attributes": {
            "arn": "arn:aws:ec2:ap-southeast-1:943418191780:security-group-rule/sgr-0fffd2d48189b8eb9",
            "cidr_ipv4": null,
            "cidr_ipv6": null,
            "description": null,
            "from_port": null,
            "id": "sgr-0fffd2d48189b8eb9",
            "ip_protocol": "-1",
            "prefix_list_id": null,
            "referenced_security_group_id": "sg-08bdc49a70a758fe3",
            "region": "ap-southeast-1",
            "security_group_id": "sg-08f61a013730e493b",
            "security_group_rule_id": "sgr-0fffd2d48189b8eb9",
            "tags": null,
            "tags_all": {},
            "to_port": null
          },
          "sensitive_attributes": [],
          "identity_schema_version": 0,
          "identity": {
            "account_id": "943418191780",
            "id": "sgr-0fffd2d48189b8eb9",
            "region": "ap-southeast-1"
          },
          "dependencies": [
            "module.vpc.aws_security_group.sg-k8s-master",
            "module.vpc.aws_security_group.sg-k8s-worker",
            "module.vpc.aws_vpc.terra-vpc"
          ]
        }
      ]
    },
    {
      "module": "module.vpc",
      "mode": "managed",
      "type": "aws_vpc_security_group_ingress_rule",
      "name": "sg-worker-ingress-ssh",
      "provider": "provider[\"registry.terraform.io/hashicorp/aws\"]",
      "instances": [
        {
          "schema_version": 0,
          "attributes": {
            "arn": "arn:aws:ec2:ap-southeast-1:943418191780:security-group-rule/sgr-08304294661a16d2e",
            "cidr_ipv4": "0.0.0.0/0",
            "cidr_ipv6": null,
            "description": null,
            "from_port": 22,
            "id": "sgr-08304294661a16d2e",
            "ip_protocol": "tcp",
            "prefix_list_id": null,
            "referenced_security_group_id": null,
            "region": "ap-southeast-1",
            "security_group_id": "sg-08f61a013730e493b",
            "security_group_rule_id": "sgr-08304294661a16d2e",
            "tags": null,
            "tags_all": {},
            "to_port": 22
          },
          "sensitive_attributes": [],
          "identity_schema_version": 0,
          "identity": {
            "account_id": "943418191780",
            "id": "sgr-08304294661a16d2e",
            "region": "ap-southeast-1"
          },
          "dependencies": [
            "module.vpc.aws_security_group.sg-k8s-worker",
            "module.vpc.aws_vpc.terra-vpc"
          ]
        }
      ]
    }
  ],
  "check_results": null
}
